
Microsoft Visual Studio Solution File, Format Version 12.00
# Visual Studio 15
VisualStudioVersion = 15.0.27004.2010
MinimumVisualStudioVersion = 10.0.40219.1
Project("{FAE04EC0-301F-11D3-BF4B-00C04F79EFBC}") = "App01_ConsultarCEP.Android", "App01_ConsultarCEP\App01_ConsultarCEP.Android\App01_ConsultarCEP.Android.csproj", "{772AFC4C-B6C5-45E0-9C10-5553ADC777ED}"
EndProject
Project("{FAE04EC0-301F-11D3-BF4B-00C04F79EFBC}") = "App01_ConsultarCEP", "App01_ConsultarCEP\App01_ConsultarCEP\App01_ConsultarCEP.csproj", "{8CBF6C44-807E-4049-B5DA-C141125ED9C5}"
EndProject
Project("{FAE04EC0-301F-11D3-BF4B-00C04F79EFBC}") = "App01_ConsultarCEP.UWP", "App01_ConsultarCEP\App01_ConsultarCEP.UWP\App01_ConsultarCEP.UWP.csproj", "{094CA638-D8E3-460A-ACDB-1D2EDCC29224}"
EndProject
Project("{FAE04EC0-301F-11D3-BF4B-00C04F79EFBC}") = "App01_ConsultarCEP.iOS", "App01_ConsultarCEP\App01_ConsultarCEP.iOS\App01_ConsultarCEP.iOS.csproj", "{F43238A0-C14D-42A9-A3FC-575008C94ECB}"
EndProject
Global
	GlobalSection(SolutionConfigurationPlatforms) = preSolution
		Ad-Hoc|Any CPU = Ad-Hoc|Any CPU
		Ad-Hoc|ARM = Ad-Hoc|ARM
		Ad-Hoc|iPhone = Ad-Hoc|iPhone
		Ad-Hoc|iPhoneSimulator = Ad-Hoc|iPhoneSimulator
		Ad-Hoc|x64 = Ad-Hoc|x64
		Ad-Hoc|x86 = Ad-Hoc|x86
		AppStore|Any CPU = AppStore|Any CPU
		AppStore|ARM = AppStore|ARM
		AppStore|iPhone = AppStore|iPhone
		AppStore|iPhoneSimulator = AppStore|iPhoneSimulator
		AppStore|x64 = AppStore|x64
		AppStore|x86 = AppStore|x86
		Debug|Any CPU = Debug|Any CPU
		Debug|ARM = Debug|ARM
		Debug|iPhone = Debug|iPhone
		Debug|iPhoneSimulator = Debug|iPhoneSimulator
		Debug|x64 = Debug|x64
		Debug|x86 = Debug|x86
		Release|Any CPU = Release|Any CPU
		Release|ARM = Release|ARM
		Release|iPhone = Release|iPhone
		Release|iPhoneSimulator = Release|iPhoneSimulator
		Release|x64 = Release|x64
		Release|x86 = Release|x86
	EndGlobalSection
	GlobalSection(ProjectConfigurationPlatforms) = postSolution
		{772AFC4C-B6C5-45E0-9C10-5553ADC777ED}.Ad-Hoc|Any CPU.ActiveCfg = Release|Any CPU
		{772AFC4C-B6C5-45E0-9C10-5553ADC777ED}.Ad-Hoc|Any CPU.Build.0 = Release|Any CPU
		{772AFC4C-B6C5-45E0-9C10-5553ADC777ED}.Ad-Hoc|Any CPU.Deploy.0 = Release|Any CPU
		{772AFC4C-B6C5-45E0-9C10-5553ADC777ED}.Ad-Hoc|ARM.ActiveCfg = Release|Any CPU
		{772AFC4C-B6C5-45E0-9C10-5553ADC777ED}.Ad-Hoc|ARM.Build.0 = Release|Any CPU
		{772AFC4C-B6C5-45E0-9C10-5553ADC777ED}.Ad-Hoc|ARM.Deploy.0 = Release|Any CPU
		{772AFC4C-B6C5-45E0-9C10-5553ADC777ED}.Ad-Hoc|iPhone.ActiveCfg = Release|Any CPU
		{772AFC4C-B6C5-45E0-9C10-5553ADC777ED}.Ad-Hoc|iPhone.Build.0 = Release|Any CPU
		{772AFC4C-B6C5-45E0-9C10-5553ADC777ED}.Ad-Hoc|iPhone.Deploy.0 = Release|Any CPU
		{772AFC4C-B6C5-45E0-9C10-5553ADC777ED}.Ad-Hoc|iPhoneSimulator.ActiveCfg = Release|Any CPU
		{772AFC4C-B6C5-45E0-9C10-5553ADC777ED}.Ad-Hoc|iPhoneSimulator.Build.0 = Release|Any CPU
		{772AFC4C-B6C5-45E0-9C10-5553ADC777ED}.Ad-Hoc|iPhoneSimulator.Deploy.0 = Release|Any CPU
		{772AFC4C-B6C5-45E0-9C10-5553ADC777ED}.Ad-Hoc|x64.ActiveCfg = Release|Any CPU
		{772AFC4C-B6C5-45E0-9C10-5553ADC777ED}.Ad-Hoc|x64.Build.0 = Release|Any CPU
		{772AFC4C-B6C5-45E0-9C10-5553ADC777ED}.Ad-Hoc|x64.Deploy.0 = Release|Any CPU
		{772AFC4C-B6C5-45E0-9C10-5553ADC777ED}.Ad-Hoc|x86.ActiveCfg = Release|Any CPU
		{772AFC4C-B6C5-45E0-9C10-5553ADC777ED}.Ad-Hoc|x86.Build.0 = Release|Any CPU
		{772AFC4C-B6C5-45E0-9C10-5553ADC777ED}.Ad-Hoc|x86.Deploy.0 = Release|Any CPU
		{772AFC4C-B6C5-45E0-9C10-5553ADC777ED}.AppStore|Any CPU.ActiveCfg = Release|Any CPU
		{772AFC4C-B6C5-45E0-9C10-5553ADC777ED}.AppStore|Any CPU.Build.0 = Release|Any CPU
		{772AFC4C-B6C5-45E0-9C10-5553ADC777ED}.AppStore|Any CPU.Deploy.0 = Release|Any CPU
		{772AFC4C-B6C5-45E0-9C10-5553ADC777ED}.AppStore|ARM.ActiveCfg = Release|Any CPU
		{772AFC4C-B6C5-45E0-9C10-5553ADC777ED}.AppStore|ARM.Build.0 = Release|Any CPU
		{772AFC4C-B6C5-45E0-9C10-5553ADC777ED}.AppStore|ARM.Deploy.0 = Release|Any CPU
		{772AFC4C-B6C5-45E0-9C10-5553ADC777ED}.AppStore|iPhone.ActiveCfg = Release|Any CPU
		{772AFC4C-B6C5-45E0-9C10-5553ADC777ED}.AppStore|iPhone.Build.0 = Release|Any CPU
		{772AFC4C-B6C5-45E0-9C10-5553ADC777ED}.AppStore|iPhone.Deploy.0 = Release|Any CPU
		{772AFC4C-B6C5-45E0-9C10-5553ADC777ED}.AppStore|iPhoneSimulator.ActiveCfg = Release|Any CPU
		{772AFC4C-B6C5-45E0-9C10-5553ADC777ED}.AppStore|iPhoneSimulator.Build.0 = Release|Any CPU
		{772AFC4C-B6C5-45E0-9C10-5553ADC777ED}.AppStore|iPhoneSimulator.Deploy.0 = Release|Any CPU
		{772AFC4C-B6C5-45E0-9C10-5553ADC777ED}.AppStore|x64.ActiveCfg = Release|Any CPU
		{772AFC4C-B6C5-45E0-9C10-5553ADC777ED}.AppStore|x64.Build.0 = Release|Any CPU
		{772AFC4C-B6C5-45E0-9C10-5553ADC777ED}.AppStore|x64.Deploy.0 = Release|Any CPU
		{772AFC4C-B6C5-45E0-9C10-5553ADC777ED}.AppStore|x86.ActiveCfg = Release|Any CPU
		{772AFC4C-B6C5-45E0-9C10-5553ADC777ED}.AppStore|x86.Build.0 = Release|Any CPU
		{772AFC4C-B6C5-45E0-9C10-5553ADC777ED}.AppStore|x86.Deploy.0 = Release|Any CPU
		{772AFC4C-B6C5-45E0-9C10-5553ADC777ED}.Debug|Any CPU.ActiveCfg = Debug|Any CPU
		{772AFC4C-B6C5-45E0-9C10-5553ADC777ED}.Debug|Any CPU.Build.0 = Debug|Any CPU
		{772AFC4C-B6C5-45E0-9C10-5553ADC777ED}.Debug|Any CPU.Deploy.0 = Debug|Any CPU
		{772AFC4C-B6C5-45E0-9C10-5553ADC777ED}.Debug|ARM.ActiveCfg = Debug|Any CPU
		{772AFC4C-B6C5-45E0-9C10-5553ADC777ED}.Debug|ARM.Build.0 = Debug|Any CPU
		{772AFC4C-B6C5-45E0-9C10-5553ADC777ED}.Debug|ARM.Deploy.0 = Debug|Any CPU
		{772AFC4C-B6C5-45E0-9C10-5553ADC777ED}.Debug|iPhone.ActiveCfg = Debug|Any CPU
		{772AFC4C-B6C5-45E0-9C10-5553ADC777ED}.Debug|iPhone.Build.0 = Debug|Any CPU
		{772AFC4C-B6C5-45E0-9C10-5553ADC777ED}.Debug|iPhone.Deploy.0 = Debug|Any CPU
		{772AFC4C-B6C5-45E0-9C10-5553ADC777ED}.Debug|iPhoneSimulator.ActiveCfg = Debug|Any CPU
		{772AFC4C-B6C5-45E0-9C10-5553ADC777ED}.Debug|iPhoneSimulator.Build.0 = Debug|Any CPU
		{772AFC4C-B6C5-45E0-9C10-5553ADC777ED}.Debug|iPhoneSimulator.Deploy.0 = Debug|Any CPU
		{772AFC4C-B6C5-45E0-9C10-5553ADC777ED}.Debug|x64.ActiveCfg = Debug|Any CPU
		{772AFC4C-B6C5-45E0-9C10-5553ADC777ED}.Debug|x64.Build.0 = Debug|Any CPU
		{772AFC4C-B6C5-45E0-9C10-5553ADC777ED}.Debug|x64.Deploy.0 = Debug|Any CPU
		{772AFC4C-B6C5-45E0-9C10-5553ADC777ED}.Debug|x86.ActiveCfg = Debug|Any CPU
		{772AFC4C-B6C5-45E0-9C10-5553ADC777ED}.Debug|x86.Build.0 = Debug|Any CPU
		{772AFC4C-B6C5-45E0-9C10-5553ADC777ED}.Debug|x86.Deploy.0 = Debug|Any CPU
		{772AFC4C-B6C5-45E0-9C10-5553ADC777ED}.Release|Any CPU.ActiveCfg = Release|Any CPU
		{772AFC4C-B6C5-45E0-9C10-5553ADC777ED}.Release|Any CPU.Build.0 = Release|Any CPU
		{772AFC4C-B6C5-45E0-9C10-5553ADC777ED}.Release|Any CPU.Deploy.0 = Release|Any CPU
		{772AFC4C-B6C5-45E0-9C10-5553ADC777ED}.Release|ARM.ActiveCfg = Release|Any CPU
		{772AFC4C-B6C5-45E0-9C10-5553ADC777ED}.Release|ARM.Build.0 = Release|Any CPU
		{772AFC4C-B6C5-45E0-9C10-5553ADC777ED}.Release|ARM.Deploy.0 = Release|Any CPU
		{772AFC4C-B6C5-45E0-9C10-5553ADC777ED}.Release|iPhone.ActiveCfg = Release|Any CPU
		{772AFC4C-B6C5-45E0-9C10-5553ADC777ED}.Release|iPhone.Build.0 = Release|Any CPU
		{772AFC4C-B6C5-45E0-9C10-5553ADC777ED}.Release|iPhone.Deploy.0 = Release|Any CPU
		{772AFC4C-B6C5-45E0-9C10-5553ADC777ED}.Release|iPhoneSimulator.ActiveCfg = Release|Any CPU
		{772AFC4C-B6C5-45E0-9C10-5553ADC777ED}.Release|iPhoneSimulator.Build.0 = Release|Any CPU
		{772AFC4C-B6C5-45E0-9C10-5553ADC777ED}.Release|iPhoneSimulator.Deploy.0 = Release|Any CPU
		{772AFC4C-B6C5-45E0-9C10-5553ADC777ED}.Release|x64.ActiveCfg = Release|Any CPU
		{772AFC4C-B6C5-45E0-9C10-5553ADC777ED}.Release|x64.Build.0 = Release|Any CPU
		{772AFC4C-B6C5-45E0-9C10-5553ADC777ED}.Release|x64.Deploy.0 = Release|Any CPU
		{772AFC4C-B6C5-45E0-9C10-5553ADC777ED}.Release|x86.ActiveCfg = Release|Any CPU
		{772AFC4C-B6C5-45E0-9C10-5553ADC777ED}.Release|x86.Build.0 = Release|Any CPU
		{772AFC4C-B6C5-45E0-9C10-5553ADC777ED}.Release|x86.Deploy.0 = Release|Any CPU
		{8CBF6C44-807E-4049-B5DA-C141125ED9C5}.Ad-Hoc|Any CPU.ActiveCfg = Release|Any CPU
		{8CBF6C44-807E-4049-B5DA-C141125ED9C5}.Ad-Hoc|Any CPU.Build.0 = Release|Any CPU
		{8CBF6C44-807E-4049-B5DA-C141125ED9C5}.Ad-Hoc|ARM.ActiveCfg = Release|Any CPU
		{8CBF6C44-807E-4049-B5DA-C141125ED9C5}.Ad-Hoc|ARM.Build.0 = Release|Any CPU
		{8CBF6C44-807E-4049-B5DA-C141125ED9C5}.Ad-Hoc|iPhone.ActiveCfg = Release|Any CPU
		{8CBF6C44-807E-4049-B5DA-C141125ED9C5}.Ad-Hoc|iPhone.Build.0 = Release|Any CPU
		{8CBF6C44-807E-4049-B5DA-C141125ED9C5}.Ad-Hoc|iPhoneSimulator.ActiveCfg = Release|Any CPU
		{8CBF6C44-807E-4049-B5DA-C141125ED9C5}.Ad-Hoc|iPhoneSimulator.Build.0 = Release|Any CPU
		{8CBF6C44-807E-4049-B5DA-C141125ED9C5}.Ad-Hoc|x64.ActiveCfg = Release|Any CPU
		{8CBF6C44-807E-4049-B5DA-C141125ED9C5}.Ad-Hoc|x64.Build.0 = Release|Any CPU
		{8CBF6C44-807E-4049-B5DA-C141125ED9C5}.Ad-Hoc|x86.ActiveCfg = Release|Any CPU
		{8CBF6C44-807E-4049-B5DA-C141125ED9C5}.Ad-Hoc|x86.Build.0 = Release|Any CPU
		{8CBF6C44-807E-4049-B5DA-C141125ED9C5}.AppStore|Any CPU.ActiveCfg = Release|Any CPU
		{8CBF6C44-807E-4049-B5DA-C141125ED9C5}.AppStore|Any CPU.Build.0 = Release|Any CPU
		{8CBF6C44-807E-4049-B5DA-C141125ED9C5}.AppStore|ARM.ActiveCfg = Release|Any CPU
		{8CBF6C44-807E-4049-B5DA-C141125ED9C5}.AppStore|ARM.Build.0 = Release|Any CPU
		{8CBF6C44-807E-4049-B5DA-C141125ED9C5}.AppStore|iPhone.ActiveCfg = Release|Any CPU
		{8CBF6C44-807E-4049-B5DA-C141125ED9C5}.AppStore|iPhone.Build.0 = Release|Any CPU
		{8CBF6C44-807E-4049-B5DA-C141125ED9C5}.AppStore|iPhoneSimulator.ActiveCfg = Release|Any CPU
		{8CBF6C44-807E-4049-B5DA-C141125ED9C5}.AppStore|iPhoneSimulator.Build.0 = Release|Any CPU
		{8CBF6C44-807E-4049-B5DA-C141125ED9C5}.AppStore|x64.ActiveCfg = Release|Any CPU
		{8CBF6C44-807E-4049-B5DA-C141125ED9C5}.AppStore|x64.Build.0 = Release|Any CPU
		{8CBF6C44-807E-4049-B5DA-C141125ED9C5}.AppStore|x86.ActiveCfg = Release|Any CPU
		{8CBF6C44-807E-4049-B5DA-C141125ED9C5}.AppStore|x86.Build.0 = Release|Any CPU
		{8CBF6C44-807E-4049-B5DA-C141125ED9C5}.Debug|Any CPU.ActiveCfg = Debug|Any CPU
		{8CBF6C44-807E-4049-B5DA-C141125ED9C5}.Debug|Any CPU.Build.0 = Debug|Any CPU
		{8CBF6C44-807E-4049-B5DA-C141125ED9C5}.Debug|ARM.ActiveCfg = Debug|Any CPU
		{8CBF6C44-807E-4049-B5DA-C141125ED9C5}.Debug|ARM.Build.0 = Debug|Any CPU
		{8CBF6C44-807E-4049-B5DA-C141125ED9C5}.Debug|iPhone.ActiveCfg = Debug|Any CPU
		{8CBF6C44-807E-4049-B5DA-C141125ED9C5}.Debug|iPhone.Build.0 = Debug|Any CPU
		{8CBF6C44-807E-4049-B5DA-C141125ED9C5}.Debug|iPhoneSimulator.ActiveCfg = Debug|Any CPU
		{8CBF6C44-807E-4049-B5DA-C141125ED9C5}.Debug|iPhoneSimulator.Build.0 = Debug|Any CPU
		{8CBF6C44-807E-4049-B5DA-C141125ED9C5}.Debug|x64.ActiveCfg = Debug|Any CPU
		{8CBF6C44-807E-4049-B5DA-C141125ED9C5}.Debug|x64.Build.0 = Debug|Any CPU
		{8CBF6C44-807E-4049-B5DA-C141125ED9C5}.Debug|x86.ActiveCfg = Debug|Any CPU
		{8CBF6C44-807E-4049-B5DA-C141125ED9C5}.Debug|x86.Build.0 = Debug|Any CPU
		{8CBF6C44-807E-4049-B5DA-C141125ED9C5}.Release|Any CPU.ActiveCfg = Release|Any CPU
		{8CBF6C44-807E-4049-B5DA-C141125ED9C5}.Release|Any CPU.Build.0 = Release|Any CPU
		{8CBF6C44-807E-4049-B5DA-C141125ED9C5}.Release|ARM.ActiveCfg = Release|Any CPU
		{8CBF6C44-807E-4049-B5DA-C141125ED9C5}.Release|ARM.Build.0 = Release|Any CPU
		{8CBF6C44-807E-4049-B5DA-C141125ED9C5}.Release|iPhone.ActiveCfg = Release|Any CPU
		{8CBF6C44-807E-4049-B5DA-C141125ED9C5}.Release|iPhone.Build.0 = Release|Any CPU
		{8CBF6C44-807E-4049-B5DA-C141125ED9C5}.Release|iPhoneSimulator.ActiveCfg = Release|Any CPU
		{8CBF6C44-807E-4049-B5DA-C141125ED9C5}.Release|iPhoneSimulator.Build.0 = Release|Any CPU
		{8CBF6C44-807E-4049-B5DA-C141125ED9C5}.Release|x64.ActiveCfg = Release|Any CPU
		{8CBF6C44-807E-4049-B5DA-C141125ED9C5}.Release|x64.Build.0 = Release|Any CPU
		{8CBF6C44-807E-4049-B5DA-C141125ED9C5}.Release|x86.ActiveCfg = Release|Any CPU
		{8CBF6C44-807E-4049-B5DA-C141125ED9C5}.Release|x86.Build.0 = Release|Any CPU
		{094CA638-D8E3-460A-ACDB-1D2EDCC29224}.Ad-Hoc|Any CPU.ActiveCfg = Release|x86
		{094CA638-D8E3-460A-ACDB-1D2EDCC29224}.Ad-Hoc|Any CPU.Build.0 = Release|x86
		{094CA638-D8E3-460A-ACDB-1D2EDCC29224}.Ad-Hoc|Any CPU.Deploy.0 = Release|x86
		{094CA638-D8E3-460A-ACDB-1D2EDCC29224}.Ad-Hoc|ARM.ActiveCfg = Release|ARM
		{094CA638-D8E3-460A-ACDB-1D2EDCC29224}.Ad-Hoc|ARM.Build.0 = Release|ARM
		{094CA638-D8E3-460A-ACDB-1D2EDCC29224}.Ad-Hoc|ARM.Deploy.0 = Release|ARM
		{094CA638-D8E3-460A-ACDB-1D2EDCC29224}.Ad-Hoc|iPhone.ActiveCfg = Release|x86
		{094CA638-D8E3-460A-ACDB-1D2EDCC29224}.Ad-Hoc|iPhone.Build.0 = Release|x86
		{094CA638-D8E3-460A-ACDB-1D2EDCC29224}.Ad-Hoc|iPhone.Deploy.0 = Release|x86
		{094CA638-D8E3-460A-ACDB-1D2EDCC29224}.Ad-Hoc|iPhoneSimulator.ActiveCfg = Release|x86
		{094CA638-D8E3-460A-ACDB-1D2EDCC29224}.Ad-Hoc|iPhoneSimulator.Build.0 = Release|x86
		{094CA638-D8E3-460A-ACDB-1D2EDCC29224}.Ad-Hoc|iPhoneSimulator.Deploy.0 = Release|x86
		{094CA638-D8E3-460A-ACDB-1D2EDCC29224}.Ad-Hoc|x64.ActiveCfg = Release|x64
		{094CA638-D8E3-460A-ACDB-1D2EDCC29224}.Ad-Hoc|x64.Build.0 = Release|x64
		{094CA638-D8E3-460A-ACDB-1D2EDCC29224}.Ad-Hoc|x64.Deploy.0 = Release|x64
		{094CA638-D8E3-460A-ACDB-1D2EDCC29224}.Ad-Hoc|x86.ActiveCfg = Release|x86
		{094CA638-D8E3-460A-ACDB-1D2EDCC29224}.Ad-Hoc|x86.Build.0 = Release|x86
		{094CA638-D8E3-460A-ACDB-1D2EDCC29224}.Ad-Hoc|x86.Deploy.0 = Release|x86
		{094CA638-D8E3-460A-ACDB-1D2EDCC29224}.AppStore|Any CPU.ActiveCfg = Release|x86
		{094CA638-D8E3-460A-ACDB-1D2EDCC29224}.AppStore|Any CPU.Build.0 = Release|x86
		{094CA638-D8E3-460A-ACDB-1D2EDCC29224}.AppStore|Any CPU.Deploy.0 = Release|x86
		{094CA638-D8E3-460A-ACDB-1D2EDCC29224}.AppStore|ARM.ActiveCfg = Release|ARM
		{094CA638-D8E3-460A-ACDB-1D2EDCC29224}.AppStore|ARM.Build.0 = Release|ARM
		{094CA638-D8E3-460A-ACDB-1D2EDCC29224}.AppStore|ARM.Deploy.0 = Release|ARM
		{094CA638-D8E3-460A-ACDB-1D2EDCC29224}.AppStore|iPhone.ActiveCfg = Release|x86
		{094CA638-D8E3-460A-ACDB-1D2EDCC29224}.AppStore|iPhone.Build.0 = Release|x86
		{094CA638-D8E3-460A-ACDB-1D2EDCC29224}.AppStore|iPhone.Deploy.0 = Release|x86
		{094CA638-D8E3-460A-ACDB-1D2EDCC29224}.AppStore|iPhoneSimulator.ActiveCfg = Release|x86
		{094CA638-D8E3-460A-ACDB-1D2EDCC29224}.AppStore|iPhoneSimulator.Build.0 = Release|x86
		{094CA638-D8E3-460A-ACDB-1D2EDCC29224}.AppStore|iPhoneSimulator.Deploy.0 = Release|x86
		{094CA638-D8E3-460A-ACDB-1D2EDCC29224}.AppStore|x64.ActiveCfg = Release|x64
		{094CA638-D8E3-460A-ACDB-1D2EDCC29224}.AppStore|x64.Build.0 = Release|x64
		{094CA638-D8E3-460A-ACDB-1D2EDCC29224}.AppStore|x64.Deploy.0 = Release|x64
		{094CA638-D8E3-460A-ACDB-1D2EDCC29224}.AppStore|x86.ActiveCfg = Release|x86
		{094CA638-D8E3-460A-ACDB-1D2EDCC29224}.AppStore|x86.Build.0 = Release|x86
		{094CA638-D8E3-460A-ACDB-1D2EDCC29224}.AppStore|x86.Deploy.0 = Release|x86
		{094CA638-D8E3-460A-ACDB-1D2EDCC29224}.Debug|Any CPU.ActiveCfg = Debug|x86
		{094CA638-D8E3-460A-ACDB-1D2EDCC29224}.Debug|ARM.ActiveCfg = Debug|ARM
		{094CA638-D8E3-460A-ACDB-1D2EDCC29224}.Debug|ARM.Build.0 = Debug|ARM
		{094CA638-D8E3-460A-ACDB-1D2EDCC29224}.Debug|ARM.Deploy.0 = Debug|ARM
		{094CA638-D8E3-460A-ACDB-1D2EDCC29224}.Debug|iPhone.ActiveCfg = Debug|x86
		{094CA638-D8E3-460A-ACDB-1D2EDCC29224}.Debug|iPhoneSimulator.ActiveCfg = Debug|x86
		{094CA638-D8E3-460A-ACDB-1D2EDCC29224}.Debug|x64.ActiveCfg = Debug|x64
		{094CA638-D8E3-460A-ACDB-1D2EDCC29224}.Debug|x64.Build.0 = Debug|x64
		{094CA638-D8E3-460A-ACDB-1D2EDCC29224}.Debug|x64.Deploy.0 = Debug|x64
		{094CA638-D8E3-460A-ACDB-1D2EDCC29224}.Debug|x86.ActiveCfg = Debug|x86
		{094CA638-D8E3-460A-ACDB-1D2EDCC29224}.Debug|x86.Build.0 = Debug|x86
		{094CA638-D8E3-460A-ACDB-1D2EDCC29224}.Debug|x86.Deploy.0 = Debug|x86
		{094CA638-D8E3-460A-ACDB-1D2EDCC29224}.Release|Any CPU.ActiveCfg = Release|x86
		{094CA638-D8E3-460A-ACDB-1D2EDCC29224}.Release|ARM.ActiveCfg = Release|ARM
		{094CA638-D8E3-460A-ACDB-1D2EDCC29224}.Release|ARM.Build.0 = Release|ARM
		{094CA638-D8E3-460A-ACDB-1D2EDCC29224}.Release|ARM.Deploy.0 = Release|ARM
		{094CA638-D8E3-460A-ACDB-1D2EDCC29224}.Release|iPhone.ActiveCfg = Release|x86
		{094CA638-D8E3-460A-ACDB-1D2EDCC29224}.Release|iPhoneSimulator.ActiveCfg = Release|x86
		{094CA638-D8E3-460A-ACDB-1D2EDCC29224}.Release|x64.ActiveCfg = Release|x64
		{094CA638-D8E3-460A-ACDB-1D2EDCC29224}.Release|x64.Build.0 = Release|x64
		{094CA638-D8E3-460A-ACDB-1D2EDCC29224}.Release|x64.Deploy.0 = Release|x64
		{094CA638-D8E3-460A-ACDB-1D2EDCC29224}.Release|x86.ActiveCfg = Release|x86
		{094CA638-D8E3-460A-ACDB-1D2EDCC29224}.Release|x86.Build.0 = Release|x86
		{094CA638-D8E3-460A-ACDB-1D2EDCC29224}.Release|x86.Deploy.0 = Release|x86
		{F43238A0-C14D-42A9-A3FC-575008C94ECB}.Ad-Hoc|Any CPU.ActiveCfg = Ad-Hoc|iPhoneSimulator
		{F43238A0-C14D-42A9-A3FC-575008C94ECB}.Ad-Hoc|ARM.ActiveCfg = Ad-Hoc|iPhone
		{F43238A0-C14D-42A9-A3FC-575008C94ECB}.Ad-Hoc|iPhone.ActiveCfg = Ad-Hoc|iPhone
		{F43238A0-C14D-42A9-A3FC-575008C94ECB}.Ad-Hoc|iPhone.Build.0 = Ad-Hoc|iPhone
		{F43238A0-C14D-42A9-A3FC-575008C94ECB}.Ad-Hoc|iPhoneSimulator.ActiveCfg = Ad-Hoc|iPhoneSimulator
		{F43238A0-C14D-42A9-A3FC-575008C94ECB}.Ad-Hoc|iPhoneSimulator.Build.0 = Ad-Hoc|iPhoneSimulator
		{F43238A0-C14D-42A9-A3FC-575008C94ECB}.Ad-Hoc|x64.ActiveCfg = Ad-Hoc|iPhone
		{F43238A0-C14D-42A9-A3FC-575008C94ECB}.Ad-Hoc|x86.ActiveCfg = Ad-Hoc|iPhone
		{F43238A0-C14D-42A9-A3FC-575008C94ECB}.AppStore|Any CPU.ActiveCfg = AppStore|iPhoneSimulator
		{F43238A0-C14D-42A9-A3FC-575008C94ECB}.AppStore|ARM.ActiveCfg = AppStore|iPhone
		{F43238A0-C14D-42A9-A3FC-575008C94ECB}.AppStore|iPhone.ActiveCfg = AppStore|iPhone
		{F43238A0-C14D-42A9-A3FC-575008C94ECB}.AppStore|iPhone.Build.0 = AppStore|iPhone
		{F43238A0-C14D-42A9-A3FC-575008C94ECB}.AppStore|iPhoneSimulator.ActiveCfg = AppStore|iPhoneSimulator
		{F43238A0-C14D-42A9-A3FC-575008C94ECB}.AppStore|iPhoneSimulator.Build.0 = AppStore|iPhoneSimulator
		{F43238A0-C14D-42A9-A3FC-575008C94ECB}.AppStore|x64.ActiveCfg = AppStore|iPhone
		{F43238A0-C14D-42A9-A3FC-575008C94ECB}.AppStore|x86.ActiveCfg = AppStore|iPhone
		{F43238A0-C14D-42A9-A3FC-575008C94ECB}.Debug|Any CPU.ActiveCfg = Debug|iPhoneSimulator
		{F43238A0-C14D-42A9-A3FC-575008C94ECB}.Debug|ARM.ActiveCfg = Debug|iPhone
		{F43238A0-C14D-42A9-A3FC-575008C94ECB}.Debug|iPhone.ActiveCfg = Debug|iPhone
		{F43238A0-C14D-42A9-A3FC-575008C94ECB}.Debug|iPhone.Build.0 = Debug|iPhone
		{F43238A0-C14D-42A9-A3FC-575008C94ECB}.Debug|iPhoneSimulator.ActiveCfg = Debug|iPhoneSimulator
		{F43238A0-C14D-42A9-A3FC-575008C94ECB}.Debug|iPhoneSimulator.Build.0 = Debug|iPhoneSimulator
		{F43238A0-C14D-42A9-A3FC-575008C94ECB}.Debug|x64.ActiveCfg = Debug|iPhone
		{F43238A0-C14D-42A9-A3FC-575008C94ECB}.Debug|x86.ActiveCfg = Debug|iPhone
		{F43238A0-C14D-42A9-A3FC-575008C94ECB}.Release|Any CPU.ActiveCfg = Release|iPhoneSimulator
		{F43238A0-C14D-42A9-A3FC-575008C94ECB}.Release|ARM.ActiveCfg = Release|iPhone
		{F43238A0-C14D-42A9-A3FC-575008C94ECB}.Release|iPhone.ActiveCfg = Release|iPhone
		{F43238A0-C14D-42A9-A3FC-575008C94ECB}.Release|iPhone.Build.0 = Release|iPhone
		{F43238A0-C14D-42A9-A3FC-575008C94ECB}.Release|iPhoneSimulator.ActiveCfg = Release|iPhoneSimulator
		{F43238A0-C14D-42A9-A3FC-575008C94ECB}.Release|iPhoneSimulator.Build.0 = Release|iPhoneSimulator
		{F43238A0-C14D-42A9-A3FC-575008C94ECB}.Release|x64.ActiveCfg = Release|iPhone
		{F43238A0-C14D-42A9-A3FC-575008C94ECB}.Release|x86.ActiveCfg = Release|iPhone
	EndGlobalSection
	GlobalSection(SolutionProperties) = preSolution
		HideSolutionNode = FALSE
	EndGlobalSection
	GlobalSection(ExtensibilityGlobals) = postSolution
		SolutionGuid = {197A3929-2DA4-477F-BBE4-DCDC4E703C63}
	EndGlobalSection
EndGlobal
