
Microsoft Visual Studio Solution File, Format Version 12.00
# Visual Studio 15
VisualStudioVersion = 15.0.27428.2043
MinimumVisualStudioVersion = 10.0.40219.1
Project("{FAE04EC0-301F-11D3-BF4B-00C04F79EFBC}") = "App02_Xamarin.Android", "App02_Xamarin\App02_Xamarin.Android\App02_Xamarin.Android.csproj", "{9A7396CA-9DD4-435A-A078-496F3B831DD9}"
EndProject
Project("{FAE04EC0-301F-11D3-BF4B-00C04F79EFBC}") = "App02_Xamarin.iOS", "App02_Xamarin\App02_Xamarin.iOS\App02_Xamarin.iOS.csproj", "{B8B08E2E-809F-4CF4-9846-D20A050017BF}"
EndProject
Project("{FAE04EC0-301F-11D3-BF4B-00C04F79EFBC}") = "App02_Xamarin.UWP", "App02_Xamarin\App02_Xamarin.UWP\App02_Xamarin.UWP.csproj", "{C826C4FC-900A-464C-829D-163FA5C9F8E9}"
EndProject
Project("{FAE04EC0-301F-11D3-BF4B-00C04F79EFBC}") = "App02_Xamarin", "App02_Xamarin\App02_Xamarin\App02_Xamarin.csproj", "{147445BC-A418-4579-9F07-78C05F8FD1C5}"
EndProject
Global
	GlobalSection(SolutionConfigurationPlatforms) = preSolution
		Ad-Hoc|Any CPU = Ad-Hoc|Any CPU
		Ad-Hoc|ARM = Ad-Hoc|ARM
		Ad-Hoc|iPhone = Ad-Hoc|iPhone
		Ad-Hoc|iPhoneSimulator = Ad-Hoc|iPhoneSimulator
		Ad-Hoc|x64 = Ad-Hoc|x64
		Ad-Hoc|x86 = Ad-Hoc|x86
		AppStore|Any CPU = AppStore|Any CPU
		AppStore|ARM = AppStore|ARM
		AppStore|iPhone = AppStore|iPhone
		AppStore|iPhoneSimulator = AppStore|iPhoneSimulator
		AppStore|x64 = AppStore|x64
		AppStore|x86 = AppStore|x86
		Debug|Any CPU = Debug|Any CPU
		Debug|ARM = Debug|ARM
		Debug|iPhone = Debug|iPhone
		Debug|iPhoneSimulator = Debug|iPhoneSimulator
		Debug|x64 = Debug|x64
		Debug|x86 = Debug|x86
		Release|Any CPU = Release|Any CPU
		Release|ARM = Release|ARM
		Release|iPhone = Release|iPhone
		Release|iPhoneSimulator = Release|iPhoneSimulator
		Release|x64 = Release|x64
		Release|x86 = Release|x86
	EndGlobalSection
	GlobalSection(ProjectConfigurationPlatforms) = postSolution
		{9A7396CA-9DD4-435A-A078-496F3B831DD9}.Ad-Hoc|Any CPU.ActiveCfg = Release|Any CPU
		{9A7396CA-9DD4-435A-A078-496F3B831DD9}.Ad-Hoc|Any CPU.Build.0 = Release|Any CPU
		{9A7396CA-9DD4-435A-A078-496F3B831DD9}.Ad-Hoc|Any CPU.Deploy.0 = Release|Any CPU
		{9A7396CA-9DD4-435A-A078-496F3B831DD9}.Ad-Hoc|ARM.ActiveCfg = Release|Any CPU
		{9A7396CA-9DD4-435A-A078-496F3B831DD9}.Ad-Hoc|ARM.Build.0 = Release|Any CPU
		{9A7396CA-9DD4-435A-A078-496F3B831DD9}.Ad-Hoc|ARM.Deploy.0 = Release|Any CPU
		{9A7396CA-9DD4-435A-A078-496F3B831DD9}.Ad-Hoc|iPhone.ActiveCfg = Release|Any CPU
		{9A7396CA-9DD4-435A-A078-496F3B831DD9}.Ad-Hoc|iPhone.Build.0 = Release|Any CPU
		{9A7396CA-9DD4-435A-A078-496F3B831DD9}.Ad-Hoc|iPhone.Deploy.0 = Release|Any CPU
		{9A7396CA-9DD4-435A-A078-496F3B831DD9}.Ad-Hoc|iPhoneSimulator.ActiveCfg = Release|Any CPU
		{9A7396CA-9DD4-435A-A078-496F3B831DD9}.Ad-Hoc|iPhoneSimulator.Build.0 = Release|Any CPU
		{9A7396CA-9DD4-435A-A078-496F3B831DD9}.Ad-Hoc|iPhoneSimulator.Deploy.0 = Release|Any CPU
		{9A7396CA-9DD4-435A-A078-496F3B831DD9}.Ad-Hoc|x64.ActiveCfg = Release|Any CPU
		{9A7396CA-9DD4-435A-A078-496F3B831DD9}.Ad-Hoc|x64.Build.0 = Release|Any CPU
		{9A7396CA-9DD4-435A-A078-496F3B831DD9}.Ad-Hoc|x64.Deploy.0 = Release|Any CPU
		{9A7396CA-9DD4-435A-A078-496F3B831DD9}.Ad-Hoc|x86.ActiveCfg = Release|Any CPU
		{9A7396CA-9DD4-435A-A078-496F3B831DD9}.Ad-Hoc|x86.Build.0 = Release|Any CPU
		{9A7396CA-9DD4-435A-A078-496F3B831DD9}.Ad-Hoc|x86.Deploy.0 = Release|Any CPU
		{9A7396CA-9DD4-435A-A078-496F3B831DD9}.AppStore|Any CPU.ActiveCfg = Release|Any CPU
		{9A7396CA-9DD4-435A-A078-496F3B831DD9}.AppStore|Any CPU.Build.0 = Release|Any CPU
		{9A7396CA-9DD4-435A-A078-496F3B831DD9}.AppStore|Any CPU.Deploy.0 = Release|Any CPU
		{9A7396CA-9DD4-435A-A078-496F3B831DD9}.AppStore|ARM.ActiveCfg = Release|Any CPU
		{9A7396CA-9DD4-435A-A078-496F3B831DD9}.AppStore|ARM.Build.0 = Release|Any CPU
		{9A7396CA-9DD4-435A-A078-496F3B831DD9}.AppStore|ARM.Deploy.0 = Release|Any CPU
		{9A7396CA-9DD4-435A-A078-496F3B831DD9}.AppStore|iPhone.ActiveCfg = Release|Any CPU
		{9A7396CA-9DD4-435A-A078-496F3B831DD9}.AppStore|iPhone.Build.0 = Release|Any CPU
		{9A7396CA-9DD4-435A-A078-496F3B831DD9}.AppStore|iPhone.Deploy.0 = Release|Any CPU
		{9A7396CA-9DD4-435A-A078-496F3B831DD9}.AppStore|iPhoneSimulator.ActiveCfg = Release|Any CPU
		{9A7396CA-9DD4-435A-A078-496F3B831DD9}.AppStore|iPhoneSimulator.Build.0 = Release|Any CPU
		{9A7396CA-9DD4-435A-A078-496F3B831DD9}.AppStore|iPhoneSimulator.Deploy.0 = Release|Any CPU
		{9A7396CA-9DD4-435A-A078-496F3B831DD9}.AppStore|x64.ActiveCfg = Release|Any CPU
		{9A7396CA-9DD4-435A-A078-496F3B831DD9}.AppStore|x64.Build.0 = Release|Any CPU
		{9A7396CA-9DD4-435A-A078-496F3B831DD9}.AppStore|x64.Deploy.0 = Release|Any CPU
		{9A7396CA-9DD4-435A-A078-496F3B831DD9}.AppStore|x86.ActiveCfg = Release|Any CPU
		{9A7396CA-9DD4-435A-A078-496F3B831DD9}.AppStore|x86.Build.0 = Release|Any CPU
		{9A7396CA-9DD4-435A-A078-496F3B831DD9}.AppStore|x86.Deploy.0 = Release|Any CPU
		{9A7396CA-9DD4-435A-A078-496F3B831DD9}.Debug|Any CPU.ActiveCfg = Debug|Any CPU
		{9A7396CA-9DD4-435A-A078-496F3B831DD9}.Debug|Any CPU.Build.0 = Debug|Any CPU
		{9A7396CA-9DD4-435A-A078-496F3B831DD9}.Debug|Any CPU.Deploy.0 = Debug|Any CPU
		{9A7396CA-9DD4-435A-A078-496F3B831DD9}.Debug|ARM.ActiveCfg = Debug|Any CPU
		{9A7396CA-9DD4-435A-A078-496F3B831DD9}.Debug|ARM.Build.0 = Debug|Any CPU
		{9A7396CA-9DD4-435A-A078-496F3B831DD9}.Debug|ARM.Deploy.0 = Debug|Any CPU
		{9A7396CA-9DD4-435A-A078-496F3B831DD9}.Debug|iPhone.ActiveCfg = Debug|Any CPU
		{9A7396CA-9DD4-435A-A078-496F3B831DD9}.Debug|iPhone.Build.0 = Debug|Any CPU
		{9A7396CA-9DD4-435A-A078-496F3B831DD9}.Debug|iPhone.Deploy.0 = Debug|Any CPU
		{9A7396CA-9DD4-435A-A078-496F3B831DD9}.Debug|iPhoneSimulator.ActiveCfg = Debug|Any CPU
		{9A7396CA-9DD4-435A-A078-496F3B831DD9}.Debug|iPhoneSimulator.Build.0 = Debug|Any CPU
		{9A7396CA-9DD4-435A-A078-496F3B831DD9}.Debug|iPhoneSimulator.Deploy.0 = Debug|Any CPU
		{9A7396CA-9DD4-435A-A078-496F3B831DD9}.Debug|x64.ActiveCfg = Debug|Any CPU
		{9A7396CA-9DD4-435A-A078-496F3B831DD9}.Debug|x64.Build.0 = Debug|Any CPU
		{9A7396CA-9DD4-435A-A078-496F3B831DD9}.Debug|x64.Deploy.0 = Debug|Any CPU
		{9A7396CA-9DD4-435A-A078-496F3B831DD9}.Debug|x86.ActiveCfg = Debug|Any CPU
		{9A7396CA-9DD4-435A-A078-496F3B831DD9}.Debug|x86.Build.0 = Debug|Any CPU
		{9A7396CA-9DD4-435A-A078-496F3B831DD9}.Debug|x86.Deploy.0 = Debug|Any CPU
		{9A7396CA-9DD4-435A-A078-496F3B831DD9}.Release|Any CPU.ActiveCfg = Release|Any CPU
		{9A7396CA-9DD4-435A-A078-496F3B831DD9}.Release|Any CPU.Build.0 = Release|Any CPU
		{9A7396CA-9DD4-435A-A078-496F3B831DD9}.Release|Any CPU.Deploy.0 = Release|Any CPU
		{9A7396CA-9DD4-435A-A078-496F3B831DD9}.Release|ARM.ActiveCfg = Release|Any CPU
		{9A7396CA-9DD4-435A-A078-496F3B831DD9}.Release|ARM.Build.0 = Release|Any CPU
		{9A7396CA-9DD4-435A-A078-496F3B831DD9}.Release|ARM.Deploy.0 = Release|Any CPU
		{9A7396CA-9DD4-435A-A078-496F3B831DD9}.Release|iPhone.ActiveCfg = Release|Any CPU
		{9A7396CA-9DD4-435A-A078-496F3B831DD9}.Release|iPhone.Build.0 = Release|Any CPU
		{9A7396CA-9DD4-435A-A078-496F3B831DD9}.Release|iPhone.Deploy.0 = Release|Any CPU
		{9A7396CA-9DD4-435A-A078-496F3B831DD9}.Release|iPhoneSimulator.ActiveCfg = Release|Any CPU
		{9A7396CA-9DD4-435A-A078-496F3B831DD9}.Release|iPhoneSimulator.Build.0 = Release|Any CPU
		{9A7396CA-9DD4-435A-A078-496F3B831DD9}.Release|iPhoneSimulator.Deploy.0 = Release|Any CPU
		{9A7396CA-9DD4-435A-A078-496F3B831DD9}.Release|x64.ActiveCfg = Release|Any CPU
		{9A7396CA-9DD4-435A-A078-496F3B831DD9}.Release|x64.Build.0 = Release|Any CPU
		{9A7396CA-9DD4-435A-A078-496F3B831DD9}.Release|x64.Deploy.0 = Release|Any CPU
		{9A7396CA-9DD4-435A-A078-496F3B831DD9}.Release|x86.ActiveCfg = Release|Any CPU
		{9A7396CA-9DD4-435A-A078-496F3B831DD9}.Release|x86.Build.0 = Release|Any CPU
		{9A7396CA-9DD4-435A-A078-496F3B831DD9}.Release|x86.Deploy.0 = Release|Any CPU
		{B8B08E2E-809F-4CF4-9846-D20A050017BF}.Ad-Hoc|Any CPU.ActiveCfg = Ad-Hoc|iPhone
		{B8B08E2E-809F-4CF4-9846-D20A050017BF}.Ad-Hoc|ARM.ActiveCfg = Ad-Hoc|iPhone
		{B8B08E2E-809F-4CF4-9846-D20A050017BF}.Ad-Hoc|iPhone.ActiveCfg = Ad-Hoc|iPhone
		{B8B08E2E-809F-4CF4-9846-D20A050017BF}.Ad-Hoc|iPhone.Build.0 = Ad-Hoc|iPhone
		{B8B08E2E-809F-4CF4-9846-D20A050017BF}.Ad-Hoc|iPhoneSimulator.ActiveCfg = Ad-Hoc|iPhoneSimulator
		{B8B08E2E-809F-4CF4-9846-D20A050017BF}.Ad-Hoc|iPhoneSimulator.Build.0 = Ad-Hoc|iPhoneSimulator
		{B8B08E2E-809F-4CF4-9846-D20A050017BF}.Ad-Hoc|x64.ActiveCfg = Ad-Hoc|iPhone
		{B8B08E2E-809F-4CF4-9846-D20A050017BF}.Ad-Hoc|x86.ActiveCfg = Ad-Hoc|iPhone
		{B8B08E2E-809F-4CF4-9846-D20A050017BF}.AppStore|Any CPU.ActiveCfg = AppStore|iPhone
		{B8B08E2E-809F-4CF4-9846-D20A050017BF}.AppStore|ARM.ActiveCfg = AppStore|iPhone
		{B8B08E2E-809F-4CF4-9846-D20A050017BF}.AppStore|iPhone.ActiveCfg = AppStore|iPhone
		{B8B08E2E-809F-4CF4-9846-D20A050017BF}.AppStore|iPhone.Build.0 = AppStore|iPhone
		{B8B08E2E-809F-4CF4-9846-D20A050017BF}.AppStore|iPhoneSimulator.ActiveCfg = AppStore|iPhoneSimulator
		{B8B08E2E-809F-4CF4-9846-D20A050017BF}.AppStore|iPhoneSimulator.Build.0 = AppStore|iPhoneSimulator
		{B8B08E2E-809F-4CF4-9846-D20A050017BF}.AppStore|x64.ActiveCfg = AppStore|iPhone
		{B8B08E2E-809F-4CF4-9846-D20A050017BF}.AppStore|x86.ActiveCfg = AppStore|iPhone
		{B8B08E2E-809F-4CF4-9846-D20A050017BF}.Debug|Any CPU.ActiveCfg = Debug|iPhone
		{B8B08E2E-809F-4CF4-9846-D20A050017BF}.Debug|ARM.ActiveCfg = Debug|iPhone
		{B8B08E2E-809F-4CF4-9846-D20A050017BF}.Debug|iPhone.ActiveCfg = Debug|iPhone
		{B8B08E2E-809F-4CF4-9846-D20A050017BF}.Debug|iPhone.Build.0 = Debug|iPhone
		{B8B08E2E-809F-4CF4-9846-D20A050017BF}.Debug|iPhoneSimulator.ActiveCfg = Debug|iPhoneSimulator
		{B8B08E2E-809F-4CF4-9846-D20A050017BF}.Debug|iPhoneSimulator.Build.0 = Debug|iPhoneSimulator
		{B8B08E2E-809F-4CF4-9846-D20A050017BF}.Debug|x64.ActiveCfg = Debug|iPhone
		{B8B08E2E-809F-4CF4-9846-D20A050017BF}.Debug|x86.ActiveCfg = Debug|iPhone
		{B8B08E2E-809F-4CF4-9846-D20A050017BF}.Release|Any CPU.ActiveCfg = Release|iPhone
		{B8B08E2E-809F-4CF4-9846-D20A050017BF}.Release|ARM.ActiveCfg = Release|iPhone
		{B8B08E2E-809F-4CF4-9846-D20A050017BF}.Release|iPhone.ActiveCfg = Release|iPhone
		{B8B08E2E-809F-4CF4-9846-D20A050017BF}.Release|iPhone.Build.0 = Release|iPhone
		{B8B08E2E-809F-4CF4-9846-D20A050017BF}.Release|iPhoneSimulator.ActiveCfg = Release|iPhoneSimulator
		{B8B08E2E-809F-4CF4-9846-D20A050017BF}.Release|iPhoneSimulator.Build.0 = Release|iPhoneSimulator
		{B8B08E2E-809F-4CF4-9846-D20A050017BF}.Release|x64.ActiveCfg = Release|iPhone
		{B8B08E2E-809F-4CF4-9846-D20A050017BF}.Release|x86.ActiveCfg = Release|iPhone
		{C826C4FC-900A-464C-829D-163FA5C9F8E9}.Ad-Hoc|Any CPU.ActiveCfg = Release|x86
		{C826C4FC-900A-464C-829D-163FA5C9F8E9}.Ad-Hoc|Any CPU.Build.0 = Release|x86
		{C826C4FC-900A-464C-829D-163FA5C9F8E9}.Ad-Hoc|Any CPU.Deploy.0 = Release|x86
		{C826C4FC-900A-464C-829D-163FA5C9F8E9}.Ad-Hoc|ARM.ActiveCfg = Release|ARM
		{C826C4FC-900A-464C-829D-163FA5C9F8E9}.Ad-Hoc|ARM.Build.0 = Release|ARM
		{C826C4FC-900A-464C-829D-163FA5C9F8E9}.Ad-Hoc|ARM.Deploy.0 = Release|ARM
		{C826C4FC-900A-464C-829D-163FA5C9F8E9}.Ad-Hoc|iPhone.ActiveCfg = Release|x86
		{C826C4FC-900A-464C-829D-163FA5C9F8E9}.Ad-Hoc|iPhone.Build.0 = Release|x86
		{C826C4FC-900A-464C-829D-163FA5C9F8E9}.Ad-Hoc|iPhone.Deploy.0 = Release|x86
		{C826C4FC-900A-464C-829D-163FA5C9F8E9}.Ad-Hoc|iPhoneSimulator.ActiveCfg = Release|x86
		{C826C4FC-900A-464C-829D-163FA5C9F8E9}.Ad-Hoc|iPhoneSimulator.Build.0 = Release|x86
		{C826C4FC-900A-464C-829D-163FA5C9F8E9}.Ad-Hoc|iPhoneSimulator.Deploy.0 = Release|x86
		{C826C4FC-900A-464C-829D-163FA5C9F8E9}.Ad-Hoc|x64.ActiveCfg = Release|x64
		{C826C4FC-900A-464C-829D-163FA5C9F8E9}.Ad-Hoc|x64.Build.0 = Release|x64
		{C826C4FC-900A-464C-829D-163FA5C9F8E9}.Ad-Hoc|x64.Deploy.0 = Release|x64
		{C826C4FC-900A-464C-829D-163FA5C9F8E9}.Ad-Hoc|x86.ActiveCfg = Release|x86
		{C826C4FC-900A-464C-829D-163FA5C9F8E9}.Ad-Hoc|x86.Build.0 = Release|x86
		{C826C4FC-900A-464C-829D-163FA5C9F8E9}.Ad-Hoc|x86.Deploy.0 = Release|x86
		{C826C4FC-900A-464C-829D-163FA5C9F8E9}.AppStore|Any CPU.ActiveCfg = Release|x86
		{C826C4FC-900A-464C-829D-163FA5C9F8E9}.AppStore|Any CPU.Build.0 = Release|x86
		{C826C4FC-900A-464C-829D-163FA5C9F8E9}.AppStore|Any CPU.Deploy.0 = Release|x86
		{C826C4FC-900A-464C-829D-163FA5C9F8E9}.AppStore|ARM.ActiveCfg = Release|ARM
		{C826C4FC-900A-464C-829D-163FA5C9F8E9}.AppStore|ARM.Build.0 = Release|ARM
		{C826C4FC-900A-464C-829D-163FA5C9F8E9}.AppStore|ARM.Deploy.0 = Release|ARM
		{C826C4FC-900A-464C-829D-163FA5C9F8E9}.AppStore|iPhone.ActiveCfg = Release|x86
		{C826C4FC-900A-464C-829D-163FA5C9F8E9}.AppStore|iPhone.Build.0 = Release|x86
		{C826C4FC-900A-464C-829D-163FA5C9F8E9}.AppStore|iPhone.Deploy.0 = Release|x86
		{C826C4FC-900A-464C-829D-163FA5C9F8E9}.AppStore|iPhoneSimulator.ActiveCfg = Release|x86
		{C826C4FC-900A-464C-829D-163FA5C9F8E9}.AppStore|iPhoneSimulator.Build.0 = Release|x86
		{C826C4FC-900A-464C-829D-163FA5C9F8E9}.AppStore|iPhoneSimulator.Deploy.0 = Release|x86
		{C826C4FC-900A-464C-829D-163FA5C9F8E9}.AppStore|x64.ActiveCfg = Release|x64
		{C826C4FC-900A-464C-829D-163FA5C9F8E9}.AppStore|x64.Build.0 = Release|x64
		{C826C4FC-900A-464C-829D-163FA5C9F8E9}.AppStore|x64.Deploy.0 = Release|x64
		{C826C4FC-900A-464C-829D-163FA5C9F8E9}.AppStore|x86.ActiveCfg = Release|x86
		{C826C4FC-900A-464C-829D-163FA5C9F8E9}.AppStore|x86.Build.0 = Release|x86
		{C826C4FC-900A-464C-829D-163FA5C9F8E9}.AppStore|x86.Deploy.0 = Release|x86
		{C826C4FC-900A-464C-829D-163FA5C9F8E9}.Debug|Any CPU.ActiveCfg = Debug|x86
		{C826C4FC-900A-464C-829D-163FA5C9F8E9}.Debug|ARM.ActiveCfg = Debug|ARM
		{C826C4FC-900A-464C-829D-163FA5C9F8E9}.Debug|ARM.Build.0 = Debug|ARM
		{C826C4FC-900A-464C-829D-163FA5C9F8E9}.Debug|ARM.Deploy.0 = Debug|ARM
		{C826C4FC-900A-464C-829D-163FA5C9F8E9}.Debug|iPhone.ActiveCfg = Debug|x86
		{C826C4FC-900A-464C-829D-163FA5C9F8E9}.Debug|iPhoneSimulator.ActiveCfg = Debug|x86
		{C826C4FC-900A-464C-829D-163FA5C9F8E9}.Debug|x64.ActiveCfg = Debug|x64
		{C826C4FC-900A-464C-829D-163FA5C9F8E9}.Debug|x64.Build.0 = Debug|x64
		{C826C4FC-900A-464C-829D-163FA5C9F8E9}.Debug|x64.Deploy.0 = Debug|x64
		{C826C4FC-900A-464C-829D-163FA5C9F8E9}.Debug|x86.ActiveCfg = Debug|x86
		{C826C4FC-900A-464C-829D-163FA5C9F8E9}.Debug|x86.Build.0 = Debug|x86
		{C826C4FC-900A-464C-829D-163FA5C9F8E9}.Debug|x86.Deploy.0 = Debug|x86
		{C826C4FC-900A-464C-829D-163FA5C9F8E9}.Release|Any CPU.ActiveCfg = Release|x86
		{C826C4FC-900A-464C-829D-163FA5C9F8E9}.Release|ARM.ActiveCfg = Release|ARM
		{C826C4FC-900A-464C-829D-163FA5C9F8E9}.Release|ARM.Build.0 = Release|ARM
		{C826C4FC-900A-464C-829D-163FA5C9F8E9}.Release|ARM.Deploy.0 = Release|ARM
		{C826C4FC-900A-464C-829D-163FA5C9F8E9}.Release|iPhone.ActiveCfg = Release|x86
		{C826C4FC-900A-464C-829D-163FA5C9F8E9}.Release|iPhoneSimulator.ActiveCfg = Release|x86
		{C826C4FC-900A-464C-829D-163FA5C9F8E9}.Release|x64.ActiveCfg = Release|x64
		{C826C4FC-900A-464C-829D-163FA5C9F8E9}.Release|x64.Build.0 = Release|x64
		{C826C4FC-900A-464C-829D-163FA5C9F8E9}.Release|x64.Deploy.0 = Release|x64
		{C826C4FC-900A-464C-829D-163FA5C9F8E9}.Release|x86.ActiveCfg = Release|x86
		{C826C4FC-900A-464C-829D-163FA5C9F8E9}.Release|x86.Build.0 = Release|x86
		{C826C4FC-900A-464C-829D-163FA5C9F8E9}.Release|x86.Deploy.0 = Release|x86
		{147445BC-A418-4579-9F07-78C05F8FD1C5}.Ad-Hoc|Any CPU.ActiveCfg = Debug|Any CPU
		{147445BC-A418-4579-9F07-78C05F8FD1C5}.Ad-Hoc|Any CPU.Build.0 = Debug|Any CPU
		{147445BC-A418-4579-9F07-78C05F8FD1C5}.Ad-Hoc|ARM.ActiveCfg = Debug|Any CPU
		{147445BC-A418-4579-9F07-78C05F8FD1C5}.Ad-Hoc|ARM.Build.0 = Debug|Any CPU
		{147445BC-A418-4579-9F07-78C05F8FD1C5}.Ad-Hoc|iPhone.ActiveCfg = Debug|Any CPU
		{147445BC-A418-4579-9F07-78C05F8FD1C5}.Ad-Hoc|iPhone.Build.0 = Debug|Any CPU
		{147445BC-A418-4579-9F07-78C05F8FD1C5}.Ad-Hoc|iPhoneSimulator.ActiveCfg = Debug|Any CPU
		{147445BC-A418-4579-9F07-78C05F8FD1C5}.Ad-Hoc|iPhoneSimulator.Build.0 = Debug|Any CPU
		{147445BC-A418-4579-9F07-78C05F8FD1C5}.Ad-Hoc|x64.ActiveCfg = Debug|Any CPU
		{147445BC-A418-4579-9F07-78C05F8FD1C5}.Ad-Hoc|x64.Build.0 = Debug|Any CPU
		{147445BC-A418-4579-9F07-78C05F8FD1C5}.Ad-Hoc|x86.ActiveCfg = Debug|Any CPU
		{147445BC-A418-4579-9F07-78C05F8FD1C5}.Ad-Hoc|x86.Build.0 = Debug|Any CPU
		{147445BC-A418-4579-9F07-78C05F8FD1C5}.AppStore|Any CPU.ActiveCfg = Debug|Any CPU
		{147445BC-A418-4579-9F07-78C05F8FD1C5}.AppStore|Any CPU.Build.0 = Debug|Any CPU
		{147445BC-A418-4579-9F07-78C05F8FD1C5}.AppStore|ARM.ActiveCfg = Debug|Any CPU
		{147445BC-A418-4579-9F07-78C05F8FD1C5}.AppStore|ARM.Build.0 = Debug|Any CPU
		{147445BC-A418-4579-9F07-78C05F8FD1C5}.AppStore|iPhone.ActiveCfg = Debug|Any CPU
		{147445BC-A418-4579-9F07-78C05F8FD1C5}.AppStore|iPhone.Build.0 = Debug|Any CPU
		{147445BC-A418-4579-9F07-78C05F8FD1C5}.AppStore|iPhoneSimulator.ActiveCfg = Debug|Any CPU
		{147445BC-A418-4579-9F07-78C05F8FD1C5}.AppStore|iPhoneSimulator.Build.0 = Debug|Any CPU
		{147445BC-A418-4579-9F07-78C05F8FD1C5}.AppStore|x64.ActiveCfg = Debug|Any CPU
		{147445BC-A418-4579-9F07-78C05F8FD1C5}.AppStore|x64.Build.0 = Debug|Any CPU
		{147445BC-A418-4579-9F07-78C05F8FD1C5}.AppStore|x86.ActiveCfg = Debug|Any CPU
		{147445BC-A418-4579-9F07-78C05F8FD1C5}.AppStore|x86.Build.0 = Debug|Any CPU
		{147445BC-A418-4579-9F07-78C05F8FD1C5}.Debug|Any CPU.ActiveCfg = Debug|Any CPU
		{147445BC-A418-4579-9F07-78C05F8FD1C5}.Debug|Any CPU.Build.0 = Debug|Any CPU
		{147445BC-A418-4579-9F07-78C05F8FD1C5}.Debug|ARM.ActiveCfg = Debug|Any CPU
		{147445BC-A418-4579-9F07-78C05F8FD1C5}.Debug|ARM.Build.0 = Debug|Any CPU
		{147445BC-A418-4579-9F07-78C05F8FD1C5}.Debug|iPhone.ActiveCfg = Debug|Any CPU
		{147445BC-A418-4579-9F07-78C05F8FD1C5}.Debug|iPhone.Build.0 = Debug|Any CPU
		{147445BC-A418-4579-9F07-78C05F8FD1C5}.Debug|iPhoneSimulator.ActiveCfg = Debug|Any CPU
		{147445BC-A418-4579-9F07-78C05F8FD1C5}.Debug|iPhoneSimulator.Build.0 = Debug|Any CPU
		{147445BC-A418-4579-9F07-78C05F8FD1C5}.Debug|x64.ActiveCfg = Debug|Any CPU
		{147445BC-A418-4579-9F07-78C05F8FD1C5}.Debug|x64.Build.0 = Debug|Any CPU
		{147445BC-A418-4579-9F07-78C05F8FD1C5}.Debug|x86.ActiveCfg = Debug|Any CPU
		{147445BC-A418-4579-9F07-78C05F8FD1C5}.Debug|x86.Build.0 = Debug|Any CPU
		{147445BC-A418-4579-9F07-78C05F8FD1C5}.Release|Any CPU.ActiveCfg = Release|Any CPU
		{147445BC-A418-4579-9F07-78C05F8FD1C5}.Release|Any CPU.Build.0 = Release|Any CPU
		{147445BC-A418-4579-9F07-78C05F8FD1C5}.Release|ARM.ActiveCfg = Release|Any CPU
		{147445BC-A418-4579-9F07-78C05F8FD1C5}.Release|ARM.Build.0 = Release|Any CPU
		{147445BC-A418-4579-9F07-78C05F8FD1C5}.Release|iPhone.ActiveCfg = Release|Any CPU
		{147445BC-A418-4579-9F07-78C05F8FD1C5}.Release|iPhone.Build.0 = Release|Any CPU
		{147445BC-A418-4579-9F07-78C05F8FD1C5}.Release|iPhoneSimulator.ActiveCfg = Release|Any CPU
		{147445BC-A418-4579-9F07-78C05F8FD1C5}.Release|iPhoneSimulator.Build.0 = Release|Any CPU
		{147445BC-A418-4579-9F07-78C05F8FD1C5}.Release|x64.ActiveCfg = Release|Any CPU
		{147445BC-A418-4579-9F07-78C05F8FD1C5}.Release|x64.Build.0 = Release|Any CPU
		{147445BC-A418-4579-9F07-78C05F8FD1C5}.Release|x86.ActiveCfg = Release|Any CPU
		{147445BC-A418-4579-9F07-78C05F8FD1C5}.Release|x86.Build.0 = Release|Any CPU
	EndGlobalSection
	GlobalSection(SolutionProperties) = preSolution
		HideSolutionNode = FALSE
	EndGlobalSection
	GlobalSection(ExtensibilityGlobals) = postSolution
		SolutionGuid = {FA45B723-21E6-41CF-901B-8220E4ACAEF3}
	EndGlobalSection
EndGlobal
