
Microsoft Visual Studio Solution File, Format Version 12.00
# Visual Studio 15
VisualStudioVersion = 15.0.27428.2037
MinimumVisualStudioVersion = 10.0.40219.1
Project("{FAE04EC0-301F-11D3-BF4B-00C04F79EFBC}") = "TipoPaginaXF.Android", "TipoPaginaXF\TipoPaginaXF.Android\TipoPaginaXF.Android.csproj", "{9BE77650-2BCC-4358-8E34-B9352776BF08}"
EndProject
Project("{FAE04EC0-301F-11D3-BF4B-00C04F79EFBC}") = "TipoPaginaXF.iOS", "TipoPaginaXF\TipoPaginaXF.iOS\TipoPaginaXF.iOS.csproj", "{885DB1FF-2EB0-4DF1-95E0-5F875D96FDDC}"
EndProject
Project("{FAE04EC0-301F-11D3-BF4B-00C04F79EFBC}") = "TipoPaginaXF.UWP", "TipoPaginaXF\TipoPaginaXF.UWP\TipoPaginaXF.UWP.csproj", "{EC0EC7A2-60BE-49E5-8696-F4D5DDD2F2FF}"
EndProject
Project("{9A19103F-16F7-4668-BE54-9A1E7A4F7556}") = "TipoPaginaXF", "TipoPaginaXF\TipoPaginaXF\TipoPaginaXF.csproj", "{441AFA3D-0C84-4BC5-ACA3-9D2970BD3F3D}"
EndProject
Global
	GlobalSection(SolutionConfigurationPlatforms) = preSolution
		Ad-Hoc|Any CPU = Ad-Hoc|Any CPU
		Ad-Hoc|ARM = Ad-Hoc|ARM
		Ad-Hoc|iPhone = Ad-Hoc|iPhone
		Ad-Hoc|iPhoneSimulator = Ad-Hoc|iPhoneSimulator
		Ad-Hoc|x64 = Ad-Hoc|x64
		Ad-Hoc|x86 = Ad-Hoc|x86
		AppStore|Any CPU = AppStore|Any CPU
		AppStore|ARM = AppStore|ARM
		AppStore|iPhone = AppStore|iPhone
		AppStore|iPhoneSimulator = AppStore|iPhoneSimulator
		AppStore|x64 = AppStore|x64
		AppStore|x86 = AppStore|x86
		Debug|Any CPU = Debug|Any CPU
		Debug|ARM = Debug|ARM
		Debug|iPhone = Debug|iPhone
		Debug|iPhoneSimulator = Debug|iPhoneSimulator
		Debug|x64 = Debug|x64
		Debug|x86 = Debug|x86
		Release|Any CPU = Release|Any CPU
		Release|ARM = Release|ARM
		Release|iPhone = Release|iPhone
		Release|iPhoneSimulator = Release|iPhoneSimulator
		Release|x64 = Release|x64
		Release|x86 = Release|x86
	EndGlobalSection
	GlobalSection(ProjectConfigurationPlatforms) = postSolution
		{9BE77650-2BCC-4358-8E34-B9352776BF08}.Ad-Hoc|Any CPU.ActiveCfg = Release|Any CPU
		{9BE77650-2BCC-4358-8E34-B9352776BF08}.Ad-Hoc|Any CPU.Build.0 = Release|Any CPU
		{9BE77650-2BCC-4358-8E34-B9352776BF08}.Ad-Hoc|Any CPU.Deploy.0 = Release|Any CPU
		{9BE77650-2BCC-4358-8E34-B9352776BF08}.Ad-Hoc|ARM.ActiveCfg = Release|Any CPU
		{9BE77650-2BCC-4358-8E34-B9352776BF08}.Ad-Hoc|ARM.Build.0 = Release|Any CPU
		{9BE77650-2BCC-4358-8E34-B9352776BF08}.Ad-Hoc|ARM.Deploy.0 = Release|Any CPU
		{9BE77650-2BCC-4358-8E34-B9352776BF08}.Ad-Hoc|iPhone.ActiveCfg = Release|Any CPU
		{9BE77650-2BCC-4358-8E34-B9352776BF08}.Ad-Hoc|iPhone.Build.0 = Release|Any CPU
		{9BE77650-2BCC-4358-8E34-B9352776BF08}.Ad-Hoc|iPhone.Deploy.0 = Release|Any CPU
		{9BE77650-2BCC-4358-8E34-B9352776BF08}.Ad-Hoc|iPhoneSimulator.ActiveCfg = Release|Any CPU
		{9BE77650-2BCC-4358-8E34-B9352776BF08}.Ad-Hoc|iPhoneSimulator.Build.0 = Release|Any CPU
		{9BE77650-2BCC-4358-8E34-B9352776BF08}.Ad-Hoc|iPhoneSimulator.Deploy.0 = Release|Any CPU
		{9BE77650-2BCC-4358-8E34-B9352776BF08}.Ad-Hoc|x64.ActiveCfg = Release|Any CPU
		{9BE77650-2BCC-4358-8E34-B9352776BF08}.Ad-Hoc|x64.Build.0 = Release|Any CPU
		{9BE77650-2BCC-4358-8E34-B9352776BF08}.Ad-Hoc|x64.Deploy.0 = Release|Any CPU
		{9BE77650-2BCC-4358-8E34-B9352776BF08}.Ad-Hoc|x86.ActiveCfg = Release|Any CPU
		{9BE77650-2BCC-4358-8E34-B9352776BF08}.Ad-Hoc|x86.Build.0 = Release|Any CPU
		{9BE77650-2BCC-4358-8E34-B9352776BF08}.Ad-Hoc|x86.Deploy.0 = Release|Any CPU
		{9BE77650-2BCC-4358-8E34-B9352776BF08}.AppStore|Any CPU.ActiveCfg = Release|Any CPU
		{9BE77650-2BCC-4358-8E34-B9352776BF08}.AppStore|Any CPU.Build.0 = Release|Any CPU
		{9BE77650-2BCC-4358-8E34-B9352776BF08}.AppStore|Any CPU.Deploy.0 = Release|Any CPU
		{9BE77650-2BCC-4358-8E34-B9352776BF08}.AppStore|ARM.ActiveCfg = Release|Any CPU
		{9BE77650-2BCC-4358-8E34-B9352776BF08}.AppStore|ARM.Build.0 = Release|Any CPU
		{9BE77650-2BCC-4358-8E34-B9352776BF08}.AppStore|ARM.Deploy.0 = Release|Any CPU
		{9BE77650-2BCC-4358-8E34-B9352776BF08}.AppStore|iPhone.ActiveCfg = Release|Any CPU
		{9BE77650-2BCC-4358-8E34-B9352776BF08}.AppStore|iPhone.Build.0 = Release|Any CPU
		{9BE77650-2BCC-4358-8E34-B9352776BF08}.AppStore|iPhone.Deploy.0 = Release|Any CPU
		{9BE77650-2BCC-4358-8E34-B9352776BF08}.AppStore|iPhoneSimulator.ActiveCfg = Release|Any CPU
		{9BE77650-2BCC-4358-8E34-B9352776BF08}.AppStore|iPhoneSimulator.Build.0 = Release|Any CPU
		{9BE77650-2BCC-4358-8E34-B9352776BF08}.AppStore|iPhoneSimulator.Deploy.0 = Release|Any CPU
		{9BE77650-2BCC-4358-8E34-B9352776BF08}.AppStore|x64.ActiveCfg = Release|Any CPU
		{9BE77650-2BCC-4358-8E34-B9352776BF08}.AppStore|x64.Build.0 = Release|Any CPU
		{9BE77650-2BCC-4358-8E34-B9352776BF08}.AppStore|x64.Deploy.0 = Release|Any CPU
		{9BE77650-2BCC-4358-8E34-B9352776BF08}.AppStore|x86.ActiveCfg = Release|Any CPU
		{9BE77650-2BCC-4358-8E34-B9352776BF08}.AppStore|x86.Build.0 = Release|Any CPU
		{9BE77650-2BCC-4358-8E34-B9352776BF08}.AppStore|x86.Deploy.0 = Release|Any CPU
		{9BE77650-2BCC-4358-8E34-B9352776BF08}.Debug|Any CPU.ActiveCfg = Debug|Any CPU
		{9BE77650-2BCC-4358-8E34-B9352776BF08}.Debug|Any CPU.Build.0 = Debug|Any CPU
		{9BE77650-2BCC-4358-8E34-B9352776BF08}.Debug|Any CPU.Deploy.0 = Debug|Any CPU
		{9BE77650-2BCC-4358-8E34-B9352776BF08}.Debug|ARM.ActiveCfg = Debug|Any CPU
		{9BE77650-2BCC-4358-8E34-B9352776BF08}.Debug|ARM.Build.0 = Debug|Any CPU
		{9BE77650-2BCC-4358-8E34-B9352776BF08}.Debug|ARM.Deploy.0 = Debug|Any CPU
		{9BE77650-2BCC-4358-8E34-B9352776BF08}.Debug|iPhone.ActiveCfg = Debug|Any CPU
		{9BE77650-2BCC-4358-8E34-B9352776BF08}.Debug|iPhone.Build.0 = Debug|Any CPU
		{9BE77650-2BCC-4358-8E34-B9352776BF08}.Debug|iPhone.Deploy.0 = Debug|Any CPU
		{9BE77650-2BCC-4358-8E34-B9352776BF08}.Debug|iPhoneSimulator.ActiveCfg = Debug|Any CPU
		{9BE77650-2BCC-4358-8E34-B9352776BF08}.Debug|iPhoneSimulator.Build.0 = Debug|Any CPU
		{9BE77650-2BCC-4358-8E34-B9352776BF08}.Debug|iPhoneSimulator.Deploy.0 = Debug|Any CPU
		{9BE77650-2BCC-4358-8E34-B9352776BF08}.Debug|x64.ActiveCfg = Debug|Any CPU
		{9BE77650-2BCC-4358-8E34-B9352776BF08}.Debug|x64.Build.0 = Debug|Any CPU
		{9BE77650-2BCC-4358-8E34-B9352776BF08}.Debug|x64.Deploy.0 = Debug|Any CPU
		{9BE77650-2BCC-4358-8E34-B9352776BF08}.Debug|x86.ActiveCfg = Debug|Any CPU
		{9BE77650-2BCC-4358-8E34-B9352776BF08}.Debug|x86.Build.0 = Debug|Any CPU
		{9BE77650-2BCC-4358-8E34-B9352776BF08}.Debug|x86.Deploy.0 = Debug|Any CPU
		{9BE77650-2BCC-4358-8E34-B9352776BF08}.Release|Any CPU.ActiveCfg = Release|Any CPU
		{9BE77650-2BCC-4358-8E34-B9352776BF08}.Release|Any CPU.Build.0 = Release|Any CPU
		{9BE77650-2BCC-4358-8E34-B9352776BF08}.Release|Any CPU.Deploy.0 = Release|Any CPU
		{9BE77650-2BCC-4358-8E34-B9352776BF08}.Release|ARM.ActiveCfg = Release|Any CPU
		{9BE77650-2BCC-4358-8E34-B9352776BF08}.Release|ARM.Build.0 = Release|Any CPU
		{9BE77650-2BCC-4358-8E34-B9352776BF08}.Release|ARM.Deploy.0 = Release|Any CPU
		{9BE77650-2BCC-4358-8E34-B9352776BF08}.Release|iPhone.ActiveCfg = Release|Any CPU
		{9BE77650-2BCC-4358-8E34-B9352776BF08}.Release|iPhone.Build.0 = Release|Any CPU
		{9BE77650-2BCC-4358-8E34-B9352776BF08}.Release|iPhone.Deploy.0 = Release|Any CPU
		{9BE77650-2BCC-4358-8E34-B9352776BF08}.Release|iPhoneSimulator.ActiveCfg = Release|Any CPU
		{9BE77650-2BCC-4358-8E34-B9352776BF08}.Release|iPhoneSimulator.Build.0 = Release|Any CPU
		{9BE77650-2BCC-4358-8E34-B9352776BF08}.Release|iPhoneSimulator.Deploy.0 = Release|Any CPU
		{9BE77650-2BCC-4358-8E34-B9352776BF08}.Release|x64.ActiveCfg = Release|Any CPU
		{9BE77650-2BCC-4358-8E34-B9352776BF08}.Release|x64.Build.0 = Release|Any CPU
		{9BE77650-2BCC-4358-8E34-B9352776BF08}.Release|x64.Deploy.0 = Release|Any CPU
		{9BE77650-2BCC-4358-8E34-B9352776BF08}.Release|x86.ActiveCfg = Release|Any CPU
		{9BE77650-2BCC-4358-8E34-B9352776BF08}.Release|x86.Build.0 = Release|Any CPU
		{9BE77650-2BCC-4358-8E34-B9352776BF08}.Release|x86.Deploy.0 = Release|Any CPU
		{885DB1FF-2EB0-4DF1-95E0-5F875D96FDDC}.Ad-Hoc|Any CPU.ActiveCfg = Ad-Hoc|iPhone
		{885DB1FF-2EB0-4DF1-95E0-5F875D96FDDC}.Ad-Hoc|ARM.ActiveCfg = Ad-Hoc|iPhone
		{885DB1FF-2EB0-4DF1-95E0-5F875D96FDDC}.Ad-Hoc|iPhone.ActiveCfg = Ad-Hoc|iPhone
		{885DB1FF-2EB0-4DF1-95E0-5F875D96FDDC}.Ad-Hoc|iPhone.Build.0 = Ad-Hoc|iPhone
		{885DB1FF-2EB0-4DF1-95E0-5F875D96FDDC}.Ad-Hoc|iPhoneSimulator.ActiveCfg = Ad-Hoc|iPhoneSimulator
		{885DB1FF-2EB0-4DF1-95E0-5F875D96FDDC}.Ad-Hoc|iPhoneSimulator.Build.0 = Ad-Hoc|iPhoneSimulator
		{885DB1FF-2EB0-4DF1-95E0-5F875D96FDDC}.Ad-Hoc|x64.ActiveCfg = Ad-Hoc|iPhone
		{885DB1FF-2EB0-4DF1-95E0-5F875D96FDDC}.Ad-Hoc|x86.ActiveCfg = Ad-Hoc|iPhone
		{885DB1FF-2EB0-4DF1-95E0-5F875D96FDDC}.AppStore|Any CPU.ActiveCfg = AppStore|iPhone
		{885DB1FF-2EB0-4DF1-95E0-5F875D96FDDC}.AppStore|ARM.ActiveCfg = AppStore|iPhone
		{885DB1FF-2EB0-4DF1-95E0-5F875D96FDDC}.AppStore|iPhone.ActiveCfg = AppStore|iPhone
		{885DB1FF-2EB0-4DF1-95E0-5F875D96FDDC}.AppStore|iPhone.Build.0 = AppStore|iPhone
		{885DB1FF-2EB0-4DF1-95E0-5F875D96FDDC}.AppStore|iPhoneSimulator.ActiveCfg = AppStore|iPhoneSimulator
		{885DB1FF-2EB0-4DF1-95E0-5F875D96FDDC}.AppStore|iPhoneSimulator.Build.0 = AppStore|iPhoneSimulator
		{885DB1FF-2EB0-4DF1-95E0-5F875D96FDDC}.AppStore|x64.ActiveCfg = AppStore|iPhone
		{885DB1FF-2EB0-4DF1-95E0-5F875D96FDDC}.AppStore|x86.ActiveCfg = AppStore|iPhone
		{885DB1FF-2EB0-4DF1-95E0-5F875D96FDDC}.Debug|Any CPU.ActiveCfg = Debug|iPhone
		{885DB1FF-2EB0-4DF1-95E0-5F875D96FDDC}.Debug|ARM.ActiveCfg = Debug|iPhone
		{885DB1FF-2EB0-4DF1-95E0-5F875D96FDDC}.Debug|iPhone.ActiveCfg = Debug|iPhone
		{885DB1FF-2EB0-4DF1-95E0-5F875D96FDDC}.Debug|iPhone.Build.0 = Debug|iPhone
		{885DB1FF-2EB0-4DF1-95E0-5F875D96FDDC}.Debug|iPhoneSimulator.ActiveCfg = Debug|iPhoneSimulator
		{885DB1FF-2EB0-4DF1-95E0-5F875D96FDDC}.Debug|iPhoneSimulator.Build.0 = Debug|iPhoneSimulator
		{885DB1FF-2EB0-4DF1-95E0-5F875D96FDDC}.Debug|x64.ActiveCfg = Debug|iPhone
		{885DB1FF-2EB0-4DF1-95E0-5F875D96FDDC}.Debug|x86.ActiveCfg = Debug|iPhone
		{885DB1FF-2EB0-4DF1-95E0-5F875D96FDDC}.Release|Any CPU.ActiveCfg = Release|iPhone
		{885DB1FF-2EB0-4DF1-95E0-5F875D96FDDC}.Release|ARM.ActiveCfg = Release|iPhone
		{885DB1FF-2EB0-4DF1-95E0-5F875D96FDDC}.Release|iPhone.ActiveCfg = Release|iPhone
		{885DB1FF-2EB0-4DF1-95E0-5F875D96FDDC}.Release|iPhone.Build.0 = Release|iPhone
		{885DB1FF-2EB0-4DF1-95E0-5F875D96FDDC}.Release|iPhoneSimulator.ActiveCfg = Release|iPhoneSimulator
		{885DB1FF-2EB0-4DF1-95E0-5F875D96FDDC}.Release|iPhoneSimulator.Build.0 = Release|iPhoneSimulator
		{885DB1FF-2EB0-4DF1-95E0-5F875D96FDDC}.Release|x64.ActiveCfg = Release|iPhone
		{885DB1FF-2EB0-4DF1-95E0-5F875D96FDDC}.Release|x86.ActiveCfg = Release|iPhone
		{EC0EC7A2-60BE-49E5-8696-F4D5DDD2F2FF}.Ad-Hoc|Any CPU.ActiveCfg = Release|x86
		{EC0EC7A2-60BE-49E5-8696-F4D5DDD2F2FF}.Ad-Hoc|Any CPU.Build.0 = Release|x86
		{EC0EC7A2-60BE-49E5-8696-F4D5DDD2F2FF}.Ad-Hoc|Any CPU.Deploy.0 = Release|x86
		{EC0EC7A2-60BE-49E5-8696-F4D5DDD2F2FF}.Ad-Hoc|ARM.ActiveCfg = Release|ARM
		{EC0EC7A2-60BE-49E5-8696-F4D5DDD2F2FF}.Ad-Hoc|ARM.Build.0 = Release|ARM
		{EC0EC7A2-60BE-49E5-8696-F4D5DDD2F2FF}.Ad-Hoc|ARM.Deploy.0 = Release|ARM
		{EC0EC7A2-60BE-49E5-8696-F4D5DDD2F2FF}.Ad-Hoc|iPhone.ActiveCfg = Release|x86
		{EC0EC7A2-60BE-49E5-8696-F4D5DDD2F2FF}.Ad-Hoc|iPhone.Build.0 = Release|x86
		{EC0EC7A2-60BE-49E5-8696-F4D5DDD2F2FF}.Ad-Hoc|iPhone.Deploy.0 = Release|x86
		{EC0EC7A2-60BE-49E5-8696-F4D5DDD2F2FF}.Ad-Hoc|iPhoneSimulator.ActiveCfg = Release|x86
		{EC0EC7A2-60BE-49E5-8696-F4D5DDD2F2FF}.Ad-Hoc|iPhoneSimulator.Build.0 = Release|x86
		{EC0EC7A2-60BE-49E5-8696-F4D5DDD2F2FF}.Ad-Hoc|iPhoneSimulator.Deploy.0 = Release|x86
		{EC0EC7A2-60BE-49E5-8696-F4D5DDD2F2FF}.Ad-Hoc|x64.ActiveCfg = Release|x64
		{EC0EC7A2-60BE-49E5-8696-F4D5DDD2F2FF}.Ad-Hoc|x64.Build.0 = Release|x64
		{EC0EC7A2-60BE-49E5-8696-F4D5DDD2F2FF}.Ad-Hoc|x64.Deploy.0 = Release|x64
		{EC0EC7A2-60BE-49E5-8696-F4D5DDD2F2FF}.Ad-Hoc|x86.ActiveCfg = Release|x86
		{EC0EC7A2-60BE-49E5-8696-F4D5DDD2F2FF}.Ad-Hoc|x86.Build.0 = Release|x86
		{EC0EC7A2-60BE-49E5-8696-F4D5DDD2F2FF}.Ad-Hoc|x86.Deploy.0 = Release|x86
		{EC0EC7A2-60BE-49E5-8696-F4D5DDD2F2FF}.AppStore|Any CPU.ActiveCfg = Release|x86
		{EC0EC7A2-60BE-49E5-8696-F4D5DDD2F2FF}.AppStore|Any CPU.Build.0 = Release|x86
		{EC0EC7A2-60BE-49E5-8696-F4D5DDD2F2FF}.AppStore|Any CPU.Deploy.0 = Release|x86
		{EC0EC7A2-60BE-49E5-8696-F4D5DDD2F2FF}.AppStore|ARM.ActiveCfg = Release|ARM
		{EC0EC7A2-60BE-49E5-8696-F4D5DDD2F2FF}.AppStore|ARM.Build.0 = Release|ARM
		{EC0EC7A2-60BE-49E5-8696-F4D5DDD2F2FF}.AppStore|ARM.Deploy.0 = Release|ARM
		{EC0EC7A2-60BE-49E5-8696-F4D5DDD2F2FF}.AppStore|iPhone.ActiveCfg = Release|x86
		{EC0EC7A2-60BE-49E5-8696-F4D5DDD2F2FF}.AppStore|iPhone.Build.0 = Release|x86
		{EC0EC7A2-60BE-49E5-8696-F4D5DDD2F2FF}.AppStore|iPhone.Deploy.0 = Release|x86
		{EC0EC7A2-60BE-49E5-8696-F4D5DDD2F2FF}.AppStore|iPhoneSimulator.ActiveCfg = Release|x86
		{EC0EC7A2-60BE-49E5-8696-F4D5DDD2F2FF}.AppStore|iPhoneSimulator.Build.0 = Release|x86
		{EC0EC7A2-60BE-49E5-8696-F4D5DDD2F2FF}.AppStore|iPhoneSimulator.Deploy.0 = Release|x86
		{EC0EC7A2-60BE-49E5-8696-F4D5DDD2F2FF}.AppStore|x64.ActiveCfg = Release|x64
		{EC0EC7A2-60BE-49E5-8696-F4D5DDD2F2FF}.AppStore|x64.Build.0 = Release|x64
		{EC0EC7A2-60BE-49E5-8696-F4D5DDD2F2FF}.AppStore|x64.Deploy.0 = Release|x64
		{EC0EC7A2-60BE-49E5-8696-F4D5DDD2F2FF}.AppStore|x86.ActiveCfg = Release|x86
		{EC0EC7A2-60BE-49E5-8696-F4D5DDD2F2FF}.AppStore|x86.Build.0 = Release|x86
		{EC0EC7A2-60BE-49E5-8696-F4D5DDD2F2FF}.AppStore|x86.Deploy.0 = Release|x86
		{EC0EC7A2-60BE-49E5-8696-F4D5DDD2F2FF}.Debug|Any CPU.ActiveCfg = Debug|x64
		{EC0EC7A2-60BE-49E5-8696-F4D5DDD2F2FF}.Debug|ARM.ActiveCfg = Debug|ARM
		{EC0EC7A2-60BE-49E5-8696-F4D5DDD2F2FF}.Debug|ARM.Build.0 = Debug|ARM
		{EC0EC7A2-60BE-49E5-8696-F4D5DDD2F2FF}.Debug|ARM.Deploy.0 = Debug|ARM
		{EC0EC7A2-60BE-49E5-8696-F4D5DDD2F2FF}.Debug|iPhone.ActiveCfg = Debug|x86
		{EC0EC7A2-60BE-49E5-8696-F4D5DDD2F2FF}.Debug|iPhoneSimulator.ActiveCfg = Debug|x86
		{EC0EC7A2-60BE-49E5-8696-F4D5DDD2F2FF}.Debug|x64.ActiveCfg = Debug|x64
		{EC0EC7A2-60BE-49E5-8696-F4D5DDD2F2FF}.Debug|x64.Build.0 = Debug|x64
		{EC0EC7A2-60BE-49E5-8696-F4D5DDD2F2FF}.Debug|x64.Deploy.0 = Debug|x64
		{EC0EC7A2-60BE-49E5-8696-F4D5DDD2F2FF}.Debug|x86.ActiveCfg = Debug|x64
		{EC0EC7A2-60BE-49E5-8696-F4D5DDD2F2FF}.Debug|x86.Build.0 = Debug|x64
		{EC0EC7A2-60BE-49E5-8696-F4D5DDD2F2FF}.Debug|x86.Deploy.0 = Debug|x64
		{EC0EC7A2-60BE-49E5-8696-F4D5DDD2F2FF}.Release|Any CPU.ActiveCfg = Release|x86
		{EC0EC7A2-60BE-49E5-8696-F4D5DDD2F2FF}.Release|ARM.ActiveCfg = Release|ARM
		{EC0EC7A2-60BE-49E5-8696-F4D5DDD2F2FF}.Release|ARM.Build.0 = Release|ARM
		{EC0EC7A2-60BE-49E5-8696-F4D5DDD2F2FF}.Release|ARM.Deploy.0 = Release|ARM
		{EC0EC7A2-60BE-49E5-8696-F4D5DDD2F2FF}.Release|iPhone.ActiveCfg = Release|x86
		{EC0EC7A2-60BE-49E5-8696-F4D5DDD2F2FF}.Release|iPhoneSimulator.ActiveCfg = Release|x86
		{EC0EC7A2-60BE-49E5-8696-F4D5DDD2F2FF}.Release|x64.ActiveCfg = Release|x64
		{EC0EC7A2-60BE-49E5-8696-F4D5DDD2F2FF}.Release|x64.Build.0 = Release|x64
		{EC0EC7A2-60BE-49E5-8696-F4D5DDD2F2FF}.Release|x64.Deploy.0 = Release|x64
		{EC0EC7A2-60BE-49E5-8696-F4D5DDD2F2FF}.Release|x86.ActiveCfg = Release|x86
		{EC0EC7A2-60BE-49E5-8696-F4D5DDD2F2FF}.Release|x86.Build.0 = Release|x86
		{EC0EC7A2-60BE-49E5-8696-F4D5DDD2F2FF}.Release|x86.Deploy.0 = Release|x86
		{441AFA3D-0C84-4BC5-ACA3-9D2970BD3F3D}.Ad-Hoc|Any CPU.ActiveCfg = Debug|Any CPU
		{441AFA3D-0C84-4BC5-ACA3-9D2970BD3F3D}.Ad-Hoc|Any CPU.Build.0 = Debug|Any CPU
		{441AFA3D-0C84-4BC5-ACA3-9D2970BD3F3D}.Ad-Hoc|ARM.ActiveCfg = Debug|Any CPU
		{441AFA3D-0C84-4BC5-ACA3-9D2970BD3F3D}.Ad-Hoc|ARM.Build.0 = Debug|Any CPU
		{441AFA3D-0C84-4BC5-ACA3-9D2970BD3F3D}.Ad-Hoc|iPhone.ActiveCfg = Debug|Any CPU
		{441AFA3D-0C84-4BC5-ACA3-9D2970BD3F3D}.Ad-Hoc|iPhone.Build.0 = Debug|Any CPU
		{441AFA3D-0C84-4BC5-ACA3-9D2970BD3F3D}.Ad-Hoc|iPhoneSimulator.ActiveCfg = Debug|Any CPU
		{441AFA3D-0C84-4BC5-ACA3-9D2970BD3F3D}.Ad-Hoc|iPhoneSimulator.Build.0 = Debug|Any CPU
		{441AFA3D-0C84-4BC5-ACA3-9D2970BD3F3D}.Ad-Hoc|x64.ActiveCfg = Debug|Any CPU
		{441AFA3D-0C84-4BC5-ACA3-9D2970BD3F3D}.Ad-Hoc|x64.Build.0 = Debug|Any CPU
		{441AFA3D-0C84-4BC5-ACA3-9D2970BD3F3D}.Ad-Hoc|x86.ActiveCfg = Debug|Any CPU
		{441AFA3D-0C84-4BC5-ACA3-9D2970BD3F3D}.Ad-Hoc|x86.Build.0 = Debug|Any CPU
		{441AFA3D-0C84-4BC5-ACA3-9D2970BD3F3D}.AppStore|Any CPU.ActiveCfg = Debug|Any CPU
		{441AFA3D-0C84-4BC5-ACA3-9D2970BD3F3D}.AppStore|Any CPU.Build.0 = Debug|Any CPU
		{441AFA3D-0C84-4BC5-ACA3-9D2970BD3F3D}.AppStore|ARM.ActiveCfg = Debug|Any CPU
		{441AFA3D-0C84-4BC5-ACA3-9D2970BD3F3D}.AppStore|ARM.Build.0 = Debug|Any CPU
		{441AFA3D-0C84-4BC5-ACA3-9D2970BD3F3D}.AppStore|iPhone.ActiveCfg = Debug|Any CPU
		{441AFA3D-0C84-4BC5-ACA3-9D2970BD3F3D}.AppStore|iPhone.Build.0 = Debug|Any CPU
		{441AFA3D-0C84-4BC5-ACA3-9D2970BD3F3D}.AppStore|iPhoneSimulator.ActiveCfg = Debug|Any CPU
		{441AFA3D-0C84-4BC5-ACA3-9D2970BD3F3D}.AppStore|iPhoneSimulator.Build.0 = Debug|Any CPU
		{441AFA3D-0C84-4BC5-ACA3-9D2970BD3F3D}.AppStore|x64.ActiveCfg = Debug|Any CPU
		{441AFA3D-0C84-4BC5-ACA3-9D2970BD3F3D}.AppStore|x64.Build.0 = Debug|Any CPU
		{441AFA3D-0C84-4BC5-ACA3-9D2970BD3F3D}.AppStore|x86.ActiveCfg = Debug|Any CPU
		{441AFA3D-0C84-4BC5-ACA3-9D2970BD3F3D}.AppStore|x86.Build.0 = Debug|Any CPU
		{441AFA3D-0C84-4BC5-ACA3-9D2970BD3F3D}.Debug|Any CPU.ActiveCfg = Debug|Any CPU
		{441AFA3D-0C84-4BC5-ACA3-9D2970BD3F3D}.Debug|Any CPU.Build.0 = Debug|Any CPU
		{441AFA3D-0C84-4BC5-ACA3-9D2970BD3F3D}.Debug|ARM.ActiveCfg = Debug|Any CPU
		{441AFA3D-0C84-4BC5-ACA3-9D2970BD3F3D}.Debug|ARM.Build.0 = Debug|Any CPU
		{441AFA3D-0C84-4BC5-ACA3-9D2970BD3F3D}.Debug|iPhone.ActiveCfg = Debug|Any CPU
		{441AFA3D-0C84-4BC5-ACA3-9D2970BD3F3D}.Debug|iPhone.Build.0 = Debug|Any CPU
		{441AFA3D-0C84-4BC5-ACA3-9D2970BD3F3D}.Debug|iPhoneSimulator.ActiveCfg = Debug|Any CPU
		{441AFA3D-0C84-4BC5-ACA3-9D2970BD3F3D}.Debug|iPhoneSimulator.Build.0 = Debug|Any CPU
		{441AFA3D-0C84-4BC5-ACA3-9D2970BD3F3D}.Debug|x64.ActiveCfg = Debug|Any CPU
		{441AFA3D-0C84-4BC5-ACA3-9D2970BD3F3D}.Debug|x64.Build.0 = Debug|Any CPU
		{441AFA3D-0C84-4BC5-ACA3-9D2970BD3F3D}.Debug|x86.ActiveCfg = Debug|Any CPU
		{441AFA3D-0C84-4BC5-ACA3-9D2970BD3F3D}.Debug|x86.Build.0 = Debug|Any CPU
		{441AFA3D-0C84-4BC5-ACA3-9D2970BD3F3D}.Release|Any CPU.ActiveCfg = Release|Any CPU
		{441AFA3D-0C84-4BC5-ACA3-9D2970BD3F3D}.Release|Any CPU.Build.0 = Release|Any CPU
		{441AFA3D-0C84-4BC5-ACA3-9D2970BD3F3D}.Release|ARM.ActiveCfg = Release|Any CPU
		{441AFA3D-0C84-4BC5-ACA3-9D2970BD3F3D}.Release|ARM.Build.0 = Release|Any CPU
		{441AFA3D-0C84-4BC5-ACA3-9D2970BD3F3D}.Release|iPhone.ActiveCfg = Release|Any CPU
		{441AFA3D-0C84-4BC5-ACA3-9D2970BD3F3D}.Release|iPhone.Build.0 = Release|Any CPU
		{441AFA3D-0C84-4BC5-ACA3-9D2970BD3F3D}.Release|iPhoneSimulator.ActiveCfg = Release|Any CPU
		{441AFA3D-0C84-4BC5-ACA3-9D2970BD3F3D}.Release|iPhoneSimulator.Build.0 = Release|Any CPU
		{441AFA3D-0C84-4BC5-ACA3-9D2970BD3F3D}.Release|x64.ActiveCfg = Release|Any CPU
		{441AFA3D-0C84-4BC5-ACA3-9D2970BD3F3D}.Release|x64.Build.0 = Release|Any CPU
		{441AFA3D-0C84-4BC5-ACA3-9D2970BD3F3D}.Release|x86.ActiveCfg = Release|Any CPU
		{441AFA3D-0C84-4BC5-ACA3-9D2970BD3F3D}.Release|x86.Build.0 = Release|Any CPU
	EndGlobalSection
	GlobalSection(SolutionProperties) = preSolution
		HideSolutionNode = FALSE
	EndGlobalSection
	GlobalSection(ExtensibilityGlobals) = postSolution
		SolutionGuid = {56129B37-8B2A-4207-8257-B6048686DD9C}
	EndGlobalSection
EndGlobal
