
Microsoft Visual Studio Solution File, Format Version 12.00
# Visual Studio 15
VisualStudioVersion = 15.0.27428.2043
MinimumVisualStudioVersion = 10.0.40219.1
Project("{FAE04EC0-301F-11D3-BF4B-00C04F79EFBC}") = "LayoutXF.Android", "LayoutXF\LayoutXF.Android\LayoutXF.Android.csproj", "{9DEE88C4-0839-42FE-9650-732534ECDE89}"
EndProject
Project("{FAE04EC0-301F-11D3-BF4B-00C04F79EFBC}") = "LayoutXF.iOS", "LayoutXF\LayoutXF.iOS\LayoutXF.iOS.csproj", "{7626E8BD-F375-4179-849B-E5D1C9217456}"
EndProject
Project("{FAE04EC0-301F-11D3-BF4B-00C04F79EFBC}") = "LayoutXF.UWP", "LayoutXF\LayoutXF.UWP\LayoutXF.UWP.csproj", "{64B0E312-7223-4912-BBBF-7B2708749BCE}"
EndProject
Project("{FAE04EC0-301F-11D3-BF4B-00C04F79EFBC}") = "LayoutXF", "LayoutXF\LayoutXF\LayoutXF.csproj", "{85A5ED17-206C-4D0B-BF9F-1F6F02C27E57}"
EndProject
Global
	GlobalSection(SolutionConfigurationPlatforms) = preSolution
		Ad-Hoc|Any CPU = Ad-Hoc|Any CPU
		Ad-Hoc|ARM = Ad-Hoc|ARM
		Ad-Hoc|iPhone = Ad-Hoc|iPhone
		Ad-Hoc|iPhoneSimulator = Ad-Hoc|iPhoneSimulator
		Ad-Hoc|x64 = Ad-Hoc|x64
		Ad-Hoc|x86 = Ad-Hoc|x86
		AppStore|Any CPU = AppStore|Any CPU
		AppStore|ARM = AppStore|ARM
		AppStore|iPhone = AppStore|iPhone
		AppStore|iPhoneSimulator = AppStore|iPhoneSimulator
		AppStore|x64 = AppStore|x64
		AppStore|x86 = AppStore|x86
		Debug|Any CPU = Debug|Any CPU
		Debug|ARM = Debug|ARM
		Debug|iPhone = Debug|iPhone
		Debug|iPhoneSimulator = Debug|iPhoneSimulator
		Debug|x64 = Debug|x64
		Debug|x86 = Debug|x86
		Release|Any CPU = Release|Any CPU
		Release|ARM = Release|ARM
		Release|iPhone = Release|iPhone
		Release|iPhoneSimulator = Release|iPhoneSimulator
		Release|x64 = Release|x64
		Release|x86 = Release|x86
	EndGlobalSection
	GlobalSection(ProjectConfigurationPlatforms) = postSolution
		{9DEE88C4-0839-42FE-9650-732534ECDE89}.Ad-Hoc|Any CPU.ActiveCfg = Release|Any CPU
		{9DEE88C4-0839-42FE-9650-732534ECDE89}.Ad-Hoc|Any CPU.Build.0 = Release|Any CPU
		{9DEE88C4-0839-42FE-9650-732534ECDE89}.Ad-Hoc|Any CPU.Deploy.0 = Release|Any CPU
		{9DEE88C4-0839-42FE-9650-732534ECDE89}.Ad-Hoc|ARM.ActiveCfg = Release|Any CPU
		{9DEE88C4-0839-42FE-9650-732534ECDE89}.Ad-Hoc|ARM.Build.0 = Release|Any CPU
		{9DEE88C4-0839-42FE-9650-732534ECDE89}.Ad-Hoc|ARM.Deploy.0 = Release|Any CPU
		{9DEE88C4-0839-42FE-9650-732534ECDE89}.Ad-Hoc|iPhone.ActiveCfg = Release|Any CPU
		{9DEE88C4-0839-42FE-9650-732534ECDE89}.Ad-Hoc|iPhone.Build.0 = Release|Any CPU
		{9DEE88C4-0839-42FE-9650-732534ECDE89}.Ad-Hoc|iPhone.Deploy.0 = Release|Any CPU
		{9DEE88C4-0839-42FE-9650-732534ECDE89}.Ad-Hoc|iPhoneSimulator.ActiveCfg = Release|Any CPU
		{9DEE88C4-0839-42FE-9650-732534ECDE89}.Ad-Hoc|iPhoneSimulator.Build.0 = Release|Any CPU
		{9DEE88C4-0839-42FE-9650-732534ECDE89}.Ad-Hoc|iPhoneSimulator.Deploy.0 = Release|Any CPU
		{9DEE88C4-0839-42FE-9650-732534ECDE89}.Ad-Hoc|x64.ActiveCfg = Release|Any CPU
		{9DEE88C4-0839-42FE-9650-732534ECDE89}.Ad-Hoc|x64.Build.0 = Release|Any CPU
		{9DEE88C4-0839-42FE-9650-732534ECDE89}.Ad-Hoc|x64.Deploy.0 = Release|Any CPU
		{9DEE88C4-0839-42FE-9650-732534ECDE89}.Ad-Hoc|x86.ActiveCfg = Release|Any CPU
		{9DEE88C4-0839-42FE-9650-732534ECDE89}.Ad-Hoc|x86.Build.0 = Release|Any CPU
		{9DEE88C4-0839-42FE-9650-732534ECDE89}.Ad-Hoc|x86.Deploy.0 = Release|Any CPU
		{9DEE88C4-0839-42FE-9650-732534ECDE89}.AppStore|Any CPU.ActiveCfg = Release|Any CPU
		{9DEE88C4-0839-42FE-9650-732534ECDE89}.AppStore|Any CPU.Build.0 = Release|Any CPU
		{9DEE88C4-0839-42FE-9650-732534ECDE89}.AppStore|Any CPU.Deploy.0 = Release|Any CPU
		{9DEE88C4-0839-42FE-9650-732534ECDE89}.AppStore|ARM.ActiveCfg = Release|Any CPU
		{9DEE88C4-0839-42FE-9650-732534ECDE89}.AppStore|ARM.Build.0 = Release|Any CPU
		{9DEE88C4-0839-42FE-9650-732534ECDE89}.AppStore|ARM.Deploy.0 = Release|Any CPU
		{9DEE88C4-0839-42FE-9650-732534ECDE89}.AppStore|iPhone.ActiveCfg = Release|Any CPU
		{9DEE88C4-0839-42FE-9650-732534ECDE89}.AppStore|iPhone.Build.0 = Release|Any CPU
		{9DEE88C4-0839-42FE-9650-732534ECDE89}.AppStore|iPhone.Deploy.0 = Release|Any CPU
		{9DEE88C4-0839-42FE-9650-732534ECDE89}.AppStore|iPhoneSimulator.ActiveCfg = Release|Any CPU
		{9DEE88C4-0839-42FE-9650-732534ECDE89}.AppStore|iPhoneSimulator.Build.0 = Release|Any CPU
		{9DEE88C4-0839-42FE-9650-732534ECDE89}.AppStore|iPhoneSimulator.Deploy.0 = Release|Any CPU
		{9DEE88C4-0839-42FE-9650-732534ECDE89}.AppStore|x64.ActiveCfg = Release|Any CPU
		{9DEE88C4-0839-42FE-9650-732534ECDE89}.AppStore|x64.Build.0 = Release|Any CPU
		{9DEE88C4-0839-42FE-9650-732534ECDE89}.AppStore|x64.Deploy.0 = Release|Any CPU
		{9DEE88C4-0839-42FE-9650-732534ECDE89}.AppStore|x86.ActiveCfg = Release|Any CPU
		{9DEE88C4-0839-42FE-9650-732534ECDE89}.AppStore|x86.Build.0 = Release|Any CPU
		{9DEE88C4-0839-42FE-9650-732534ECDE89}.AppStore|x86.Deploy.0 = Release|Any CPU
		{9DEE88C4-0839-42FE-9650-732534ECDE89}.Debug|Any CPU.ActiveCfg = Debug|Any CPU
		{9DEE88C4-0839-42FE-9650-732534ECDE89}.Debug|Any CPU.Build.0 = Debug|Any CPU
		{9DEE88C4-0839-42FE-9650-732534ECDE89}.Debug|Any CPU.Deploy.0 = Debug|Any CPU
		{9DEE88C4-0839-42FE-9650-732534ECDE89}.Debug|ARM.ActiveCfg = Debug|Any CPU
		{9DEE88C4-0839-42FE-9650-732534ECDE89}.Debug|ARM.Build.0 = Debug|Any CPU
		{9DEE88C4-0839-42FE-9650-732534ECDE89}.Debug|ARM.Deploy.0 = Debug|Any CPU
		{9DEE88C4-0839-42FE-9650-732534ECDE89}.Debug|iPhone.ActiveCfg = Debug|Any CPU
		{9DEE88C4-0839-42FE-9650-732534ECDE89}.Debug|iPhone.Build.0 = Debug|Any CPU
		{9DEE88C4-0839-42FE-9650-732534ECDE89}.Debug|iPhone.Deploy.0 = Debug|Any CPU
		{9DEE88C4-0839-42FE-9650-732534ECDE89}.Debug|iPhoneSimulator.ActiveCfg = Debug|Any CPU
		{9DEE88C4-0839-42FE-9650-732534ECDE89}.Debug|iPhoneSimulator.Build.0 = Debug|Any CPU
		{9DEE88C4-0839-42FE-9650-732534ECDE89}.Debug|iPhoneSimulator.Deploy.0 = Debug|Any CPU
		{9DEE88C4-0839-42FE-9650-732534ECDE89}.Debug|x64.ActiveCfg = Debug|Any CPU
		{9DEE88C4-0839-42FE-9650-732534ECDE89}.Debug|x64.Build.0 = Debug|Any CPU
		{9DEE88C4-0839-42FE-9650-732534ECDE89}.Debug|x64.Deploy.0 = Debug|Any CPU
		{9DEE88C4-0839-42FE-9650-732534ECDE89}.Debug|x86.ActiveCfg = Debug|Any CPU
		{9DEE88C4-0839-42FE-9650-732534ECDE89}.Debug|x86.Build.0 = Debug|Any CPU
		{9DEE88C4-0839-42FE-9650-732534ECDE89}.Debug|x86.Deploy.0 = Debug|Any CPU
		{9DEE88C4-0839-42FE-9650-732534ECDE89}.Release|Any CPU.ActiveCfg = Release|Any CPU
		{9DEE88C4-0839-42FE-9650-732534ECDE89}.Release|Any CPU.Build.0 = Release|Any CPU
		{9DEE88C4-0839-42FE-9650-732534ECDE89}.Release|Any CPU.Deploy.0 = Release|Any CPU
		{9DEE88C4-0839-42FE-9650-732534ECDE89}.Release|ARM.ActiveCfg = Release|Any CPU
		{9DEE88C4-0839-42FE-9650-732534ECDE89}.Release|ARM.Build.0 = Release|Any CPU
		{9DEE88C4-0839-42FE-9650-732534ECDE89}.Release|ARM.Deploy.0 = Release|Any CPU
		{9DEE88C4-0839-42FE-9650-732534ECDE89}.Release|iPhone.ActiveCfg = Release|Any CPU
		{9DEE88C4-0839-42FE-9650-732534ECDE89}.Release|iPhone.Build.0 = Release|Any CPU
		{9DEE88C4-0839-42FE-9650-732534ECDE89}.Release|iPhone.Deploy.0 = Release|Any CPU
		{9DEE88C4-0839-42FE-9650-732534ECDE89}.Release|iPhoneSimulator.ActiveCfg = Release|Any CPU
		{9DEE88C4-0839-42FE-9650-732534ECDE89}.Release|iPhoneSimulator.Build.0 = Release|Any CPU
		{9DEE88C4-0839-42FE-9650-732534ECDE89}.Release|iPhoneSimulator.Deploy.0 = Release|Any CPU
		{9DEE88C4-0839-42FE-9650-732534ECDE89}.Release|x64.ActiveCfg = Release|Any CPU
		{9DEE88C4-0839-42FE-9650-732534ECDE89}.Release|x64.Build.0 = Release|Any CPU
		{9DEE88C4-0839-42FE-9650-732534ECDE89}.Release|x64.Deploy.0 = Release|Any CPU
		{9DEE88C4-0839-42FE-9650-732534ECDE89}.Release|x86.ActiveCfg = Release|Any CPU
		{9DEE88C4-0839-42FE-9650-732534ECDE89}.Release|x86.Build.0 = Release|Any CPU
		{9DEE88C4-0839-42FE-9650-732534ECDE89}.Release|x86.Deploy.0 = Release|Any CPU
		{7626E8BD-F375-4179-849B-E5D1C9217456}.Ad-Hoc|Any CPU.ActiveCfg = Ad-Hoc|iPhone
		{7626E8BD-F375-4179-849B-E5D1C9217456}.Ad-Hoc|ARM.ActiveCfg = Ad-Hoc|iPhone
		{7626E8BD-F375-4179-849B-E5D1C9217456}.Ad-Hoc|iPhone.ActiveCfg = Ad-Hoc|iPhone
		{7626E8BD-F375-4179-849B-E5D1C9217456}.Ad-Hoc|iPhone.Build.0 = Ad-Hoc|iPhone
		{7626E8BD-F375-4179-849B-E5D1C9217456}.Ad-Hoc|iPhoneSimulator.ActiveCfg = Ad-Hoc|iPhoneSimulator
		{7626E8BD-F375-4179-849B-E5D1C9217456}.Ad-Hoc|iPhoneSimulator.Build.0 = Ad-Hoc|iPhoneSimulator
		{7626E8BD-F375-4179-849B-E5D1C9217456}.Ad-Hoc|x64.ActiveCfg = Ad-Hoc|iPhone
		{7626E8BD-F375-4179-849B-E5D1C9217456}.Ad-Hoc|x86.ActiveCfg = Ad-Hoc|iPhone
		{7626E8BD-F375-4179-849B-E5D1C9217456}.AppStore|Any CPU.ActiveCfg = AppStore|iPhone
		{7626E8BD-F375-4179-849B-E5D1C9217456}.AppStore|ARM.ActiveCfg = AppStore|iPhone
		{7626E8BD-F375-4179-849B-E5D1C9217456}.AppStore|iPhone.ActiveCfg = AppStore|iPhone
		{7626E8BD-F375-4179-849B-E5D1C9217456}.AppStore|iPhone.Build.0 = AppStore|iPhone
		{7626E8BD-F375-4179-849B-E5D1C9217456}.AppStore|iPhoneSimulator.ActiveCfg = AppStore|iPhoneSimulator
		{7626E8BD-F375-4179-849B-E5D1C9217456}.AppStore|iPhoneSimulator.Build.0 = AppStore|iPhoneSimulator
		{7626E8BD-F375-4179-849B-E5D1C9217456}.AppStore|x64.ActiveCfg = AppStore|iPhone
		{7626E8BD-F375-4179-849B-E5D1C9217456}.AppStore|x86.ActiveCfg = AppStore|iPhone
		{7626E8BD-F375-4179-849B-E5D1C9217456}.Debug|Any CPU.ActiveCfg = Debug|iPhone
		{7626E8BD-F375-4179-849B-E5D1C9217456}.Debug|ARM.ActiveCfg = Debug|iPhone
		{7626E8BD-F375-4179-849B-E5D1C9217456}.Debug|iPhone.ActiveCfg = Debug|iPhone
		{7626E8BD-F375-4179-849B-E5D1C9217456}.Debug|iPhone.Build.0 = Debug|iPhone
		{7626E8BD-F375-4179-849B-E5D1C9217456}.Debug|iPhoneSimulator.ActiveCfg = Debug|iPhoneSimulator
		{7626E8BD-F375-4179-849B-E5D1C9217456}.Debug|iPhoneSimulator.Build.0 = Debug|iPhoneSimulator
		{7626E8BD-F375-4179-849B-E5D1C9217456}.Debug|x64.ActiveCfg = Debug|iPhone
		{7626E8BD-F375-4179-849B-E5D1C9217456}.Debug|x86.ActiveCfg = Debug|iPhone
		{7626E8BD-F375-4179-849B-E5D1C9217456}.Release|Any CPU.ActiveCfg = Release|iPhone
		{7626E8BD-F375-4179-849B-E5D1C9217456}.Release|ARM.ActiveCfg = Release|iPhone
		{7626E8BD-F375-4179-849B-E5D1C9217456}.Release|iPhone.ActiveCfg = Release|iPhone
		{7626E8BD-F375-4179-849B-E5D1C9217456}.Release|iPhone.Build.0 = Release|iPhone
		{7626E8BD-F375-4179-849B-E5D1C9217456}.Release|iPhoneSimulator.ActiveCfg = Release|iPhoneSimulator
		{7626E8BD-F375-4179-849B-E5D1C9217456}.Release|iPhoneSimulator.Build.0 = Release|iPhoneSimulator
		{7626E8BD-F375-4179-849B-E5D1C9217456}.Release|x64.ActiveCfg = Release|iPhone
		{7626E8BD-F375-4179-849B-E5D1C9217456}.Release|x86.ActiveCfg = Release|iPhone
		{64B0E312-7223-4912-BBBF-7B2708749BCE}.Ad-Hoc|Any CPU.ActiveCfg = Release|x86
		{64B0E312-7223-4912-BBBF-7B2708749BCE}.Ad-Hoc|Any CPU.Build.0 = Release|x86
		{64B0E312-7223-4912-BBBF-7B2708749BCE}.Ad-Hoc|Any CPU.Deploy.0 = Release|x86
		{64B0E312-7223-4912-BBBF-7B2708749BCE}.Ad-Hoc|ARM.ActiveCfg = Release|ARM
		{64B0E312-7223-4912-BBBF-7B2708749BCE}.Ad-Hoc|ARM.Build.0 = Release|ARM
		{64B0E312-7223-4912-BBBF-7B2708749BCE}.Ad-Hoc|ARM.Deploy.0 = Release|ARM
		{64B0E312-7223-4912-BBBF-7B2708749BCE}.Ad-Hoc|iPhone.ActiveCfg = Release|x86
		{64B0E312-7223-4912-BBBF-7B2708749BCE}.Ad-Hoc|iPhone.Build.0 = Release|x86
		{64B0E312-7223-4912-BBBF-7B2708749BCE}.Ad-Hoc|iPhone.Deploy.0 = Release|x86
		{64B0E312-7223-4912-BBBF-7B2708749BCE}.Ad-Hoc|iPhoneSimulator.ActiveCfg = Release|x86
		{64B0E312-7223-4912-BBBF-7B2708749BCE}.Ad-Hoc|iPhoneSimulator.Build.0 = Release|x86
		{64B0E312-7223-4912-BBBF-7B2708749BCE}.Ad-Hoc|iPhoneSimulator.Deploy.0 = Release|x86
		{64B0E312-7223-4912-BBBF-7B2708749BCE}.Ad-Hoc|x64.ActiveCfg = Release|x64
		{64B0E312-7223-4912-BBBF-7B2708749BCE}.Ad-Hoc|x64.Build.0 = Release|x64
		{64B0E312-7223-4912-BBBF-7B2708749BCE}.Ad-Hoc|x64.Deploy.0 = Release|x64
		{64B0E312-7223-4912-BBBF-7B2708749BCE}.Ad-Hoc|x86.ActiveCfg = Release|x86
		{64B0E312-7223-4912-BBBF-7B2708749BCE}.Ad-Hoc|x86.Build.0 = Release|x86
		{64B0E312-7223-4912-BBBF-7B2708749BCE}.Ad-Hoc|x86.Deploy.0 = Release|x86
		{64B0E312-7223-4912-BBBF-7B2708749BCE}.AppStore|Any CPU.ActiveCfg = Release|x86
		{64B0E312-7223-4912-BBBF-7B2708749BCE}.AppStore|Any CPU.Build.0 = Release|x86
		{64B0E312-7223-4912-BBBF-7B2708749BCE}.AppStore|Any CPU.Deploy.0 = Release|x86
		{64B0E312-7223-4912-BBBF-7B2708749BCE}.AppStore|ARM.ActiveCfg = Release|ARM
		{64B0E312-7223-4912-BBBF-7B2708749BCE}.AppStore|ARM.Build.0 = Release|ARM
		{64B0E312-7223-4912-BBBF-7B2708749BCE}.AppStore|ARM.Deploy.0 = Release|ARM
		{64B0E312-7223-4912-BBBF-7B2708749BCE}.AppStore|iPhone.ActiveCfg = Release|x86
		{64B0E312-7223-4912-BBBF-7B2708749BCE}.AppStore|iPhone.Build.0 = Release|x86
		{64B0E312-7223-4912-BBBF-7B2708749BCE}.AppStore|iPhone.Deploy.0 = Release|x86
		{64B0E312-7223-4912-BBBF-7B2708749BCE}.AppStore|iPhoneSimulator.ActiveCfg = Release|x86
		{64B0E312-7223-4912-BBBF-7B2708749BCE}.AppStore|iPhoneSimulator.Build.0 = Release|x86
		{64B0E312-7223-4912-BBBF-7B2708749BCE}.AppStore|iPhoneSimulator.Deploy.0 = Release|x86
		{64B0E312-7223-4912-BBBF-7B2708749BCE}.AppStore|x64.ActiveCfg = Release|x64
		{64B0E312-7223-4912-BBBF-7B2708749BCE}.AppStore|x64.Build.0 = Release|x64
		{64B0E312-7223-4912-BBBF-7B2708749BCE}.AppStore|x64.Deploy.0 = Release|x64
		{64B0E312-7223-4912-BBBF-7B2708749BCE}.AppStore|x86.ActiveCfg = Release|x86
		{64B0E312-7223-4912-BBBF-7B2708749BCE}.AppStore|x86.Build.0 = Release|x86
		{64B0E312-7223-4912-BBBF-7B2708749BCE}.AppStore|x86.Deploy.0 = Release|x86
		{64B0E312-7223-4912-BBBF-7B2708749BCE}.Debug|Any CPU.ActiveCfg = Debug|x86
		{64B0E312-7223-4912-BBBF-7B2708749BCE}.Debug|ARM.ActiveCfg = Debug|ARM
		{64B0E312-7223-4912-BBBF-7B2708749BCE}.Debug|ARM.Build.0 = Debug|ARM
		{64B0E312-7223-4912-BBBF-7B2708749BCE}.Debug|ARM.Deploy.0 = Debug|ARM
		{64B0E312-7223-4912-BBBF-7B2708749BCE}.Debug|iPhone.ActiveCfg = Debug|x86
		{64B0E312-7223-4912-BBBF-7B2708749BCE}.Debug|iPhoneSimulator.ActiveCfg = Debug|x86
		{64B0E312-7223-4912-BBBF-7B2708749BCE}.Debug|x64.ActiveCfg = Debug|x64
		{64B0E312-7223-4912-BBBF-7B2708749BCE}.Debug|x64.Build.0 = Debug|x64
		{64B0E312-7223-4912-BBBF-7B2708749BCE}.Debug|x64.Deploy.0 = Debug|x64
		{64B0E312-7223-4912-BBBF-7B2708749BCE}.Debug|x86.ActiveCfg = Debug|x86
		{64B0E312-7223-4912-BBBF-7B2708749BCE}.Debug|x86.Build.0 = Debug|x86
		{64B0E312-7223-4912-BBBF-7B2708749BCE}.Debug|x86.Deploy.0 = Debug|x86
		{64B0E312-7223-4912-BBBF-7B2708749BCE}.Release|Any CPU.ActiveCfg = Release|x86
		{64B0E312-7223-4912-BBBF-7B2708749BCE}.Release|ARM.ActiveCfg = Release|ARM
		{64B0E312-7223-4912-BBBF-7B2708749BCE}.Release|ARM.Build.0 = Release|ARM
		{64B0E312-7223-4912-BBBF-7B2708749BCE}.Release|ARM.Deploy.0 = Release|ARM
		{64B0E312-7223-4912-BBBF-7B2708749BCE}.Release|iPhone.ActiveCfg = Release|x86
		{64B0E312-7223-4912-BBBF-7B2708749BCE}.Release|iPhoneSimulator.ActiveCfg = Release|x86
		{64B0E312-7223-4912-BBBF-7B2708749BCE}.Release|x64.ActiveCfg = Release|x64
		{64B0E312-7223-4912-BBBF-7B2708749BCE}.Release|x64.Build.0 = Release|x64
		{64B0E312-7223-4912-BBBF-7B2708749BCE}.Release|x64.Deploy.0 = Release|x64
		{64B0E312-7223-4912-BBBF-7B2708749BCE}.Release|x86.ActiveCfg = Release|x86
		{64B0E312-7223-4912-BBBF-7B2708749BCE}.Release|x86.Build.0 = Release|x86
		{64B0E312-7223-4912-BBBF-7B2708749BCE}.Release|x86.Deploy.0 = Release|x86
		{85A5ED17-206C-4D0B-BF9F-1F6F02C27E57}.Ad-Hoc|Any CPU.ActiveCfg = Debug|Any CPU
		{85A5ED17-206C-4D0B-BF9F-1F6F02C27E57}.Ad-Hoc|Any CPU.Build.0 = Debug|Any CPU
		{85A5ED17-206C-4D0B-BF9F-1F6F02C27E57}.Ad-Hoc|ARM.ActiveCfg = Debug|Any CPU
		{85A5ED17-206C-4D0B-BF9F-1F6F02C27E57}.Ad-Hoc|ARM.Build.0 = Debug|Any CPU
		{85A5ED17-206C-4D0B-BF9F-1F6F02C27E57}.Ad-Hoc|iPhone.ActiveCfg = Debug|Any CPU
		{85A5ED17-206C-4D0B-BF9F-1F6F02C27E57}.Ad-Hoc|iPhone.Build.0 = Debug|Any CPU
		{85A5ED17-206C-4D0B-BF9F-1F6F02C27E57}.Ad-Hoc|iPhoneSimulator.ActiveCfg = Debug|Any CPU
		{85A5ED17-206C-4D0B-BF9F-1F6F02C27E57}.Ad-Hoc|iPhoneSimulator.Build.0 = Debug|Any CPU
		{85A5ED17-206C-4D0B-BF9F-1F6F02C27E57}.Ad-Hoc|x64.ActiveCfg = Debug|Any CPU
		{85A5ED17-206C-4D0B-BF9F-1F6F02C27E57}.Ad-Hoc|x64.Build.0 = Debug|Any CPU
		{85A5ED17-206C-4D0B-BF9F-1F6F02C27E57}.Ad-Hoc|x86.ActiveCfg = Debug|Any CPU
		{85A5ED17-206C-4D0B-BF9F-1F6F02C27E57}.Ad-Hoc|x86.Build.0 = Debug|Any CPU
		{85A5ED17-206C-4D0B-BF9F-1F6F02C27E57}.AppStore|Any CPU.ActiveCfg = Debug|Any CPU
		{85A5ED17-206C-4D0B-BF9F-1F6F02C27E57}.AppStore|Any CPU.Build.0 = Debug|Any CPU
		{85A5ED17-206C-4D0B-BF9F-1F6F02C27E57}.AppStore|ARM.ActiveCfg = Debug|Any CPU
		{85A5ED17-206C-4D0B-BF9F-1F6F02C27E57}.AppStore|ARM.Build.0 = Debug|Any CPU
		{85A5ED17-206C-4D0B-BF9F-1F6F02C27E57}.AppStore|iPhone.ActiveCfg = Debug|Any CPU
		{85A5ED17-206C-4D0B-BF9F-1F6F02C27E57}.AppStore|iPhone.Build.0 = Debug|Any CPU
		{85A5ED17-206C-4D0B-BF9F-1F6F02C27E57}.AppStore|iPhoneSimulator.ActiveCfg = Debug|Any CPU
		{85A5ED17-206C-4D0B-BF9F-1F6F02C27E57}.AppStore|iPhoneSimulator.Build.0 = Debug|Any CPU
		{85A5ED17-206C-4D0B-BF9F-1F6F02C27E57}.AppStore|x64.ActiveCfg = Debug|Any CPU
		{85A5ED17-206C-4D0B-BF9F-1F6F02C27E57}.AppStore|x64.Build.0 = Debug|Any CPU
		{85A5ED17-206C-4D0B-BF9F-1F6F02C27E57}.AppStore|x86.ActiveCfg = Debug|Any CPU
		{85A5ED17-206C-4D0B-BF9F-1F6F02C27E57}.AppStore|x86.Build.0 = Debug|Any CPU
		{85A5ED17-206C-4D0B-BF9F-1F6F02C27E57}.Debug|Any CPU.ActiveCfg = Debug|Any CPU
		{85A5ED17-206C-4D0B-BF9F-1F6F02C27E57}.Debug|Any CPU.Build.0 = Debug|Any CPU
		{85A5ED17-206C-4D0B-BF9F-1F6F02C27E57}.Debug|ARM.ActiveCfg = Debug|Any CPU
		{85A5ED17-206C-4D0B-BF9F-1F6F02C27E57}.Debug|ARM.Build.0 = Debug|Any CPU
		{85A5ED17-206C-4D0B-BF9F-1F6F02C27E57}.Debug|iPhone.ActiveCfg = Debug|Any CPU
		{85A5ED17-206C-4D0B-BF9F-1F6F02C27E57}.Debug|iPhone.Build.0 = Debug|Any CPU
		{85A5ED17-206C-4D0B-BF9F-1F6F02C27E57}.Debug|iPhoneSimulator.ActiveCfg = Debug|Any CPU
		{85A5ED17-206C-4D0B-BF9F-1F6F02C27E57}.Debug|iPhoneSimulator.Build.0 = Debug|Any CPU
		{85A5ED17-206C-4D0B-BF9F-1F6F02C27E57}.Debug|x64.ActiveCfg = Debug|Any CPU
		{85A5ED17-206C-4D0B-BF9F-1F6F02C27E57}.Debug|x64.Build.0 = Debug|Any CPU
		{85A5ED17-206C-4D0B-BF9F-1F6F02C27E57}.Debug|x86.ActiveCfg = Debug|Any CPU
		{85A5ED17-206C-4D0B-BF9F-1F6F02C27E57}.Debug|x86.Build.0 = Debug|Any CPU
		{85A5ED17-206C-4D0B-BF9F-1F6F02C27E57}.Release|Any CPU.ActiveCfg = Release|Any CPU
		{85A5ED17-206C-4D0B-BF9F-1F6F02C27E57}.Release|Any CPU.Build.0 = Release|Any CPU
		{85A5ED17-206C-4D0B-BF9F-1F6F02C27E57}.Release|ARM.ActiveCfg = Release|Any CPU
		{85A5ED17-206C-4D0B-BF9F-1F6F02C27E57}.Release|ARM.Build.0 = Release|Any CPU
		{85A5ED17-206C-4D0B-BF9F-1F6F02C27E57}.Release|iPhone.ActiveCfg = Release|Any CPU
		{85A5ED17-206C-4D0B-BF9F-1F6F02C27E57}.Release|iPhone.Build.0 = Release|Any CPU
		{85A5ED17-206C-4D0B-BF9F-1F6F02C27E57}.Release|iPhoneSimulator.ActiveCfg = Release|Any CPU
		{85A5ED17-206C-4D0B-BF9F-1F6F02C27E57}.Release|iPhoneSimulator.Build.0 = Release|Any CPU
		{85A5ED17-206C-4D0B-BF9F-1F6F02C27E57}.Release|x64.ActiveCfg = Release|Any CPU
		{85A5ED17-206C-4D0B-BF9F-1F6F02C27E57}.Release|x64.Build.0 = Release|Any CPU
		{85A5ED17-206C-4D0B-BF9F-1F6F02C27E57}.Release|x86.ActiveCfg = Release|Any CPU
		{85A5ED17-206C-4D0B-BF9F-1F6F02C27E57}.Release|x86.Build.0 = Release|Any CPU
	EndGlobalSection
	GlobalSection(SolutionProperties) = preSolution
		HideSolutionNode = FALSE
	EndGlobalSection
	GlobalSection(ExtensibilityGlobals) = postSolution
		SolutionGuid = {EA654DB4-BBD8-463E-96DF-B646FF173EF1}
	EndGlobalSection
EndGlobal
